# THIS IS AN AUTOGENERATED FILE. DO NOT EDIT THIS FILE DIRECTLY.
# yarn lockfile v1


"@aws-cdk/assets@1.92.0":
  version "1.92.0"
  resolved "https://registry.yarnpkg.com/@aws-cdk/assets/-/assets-1.92.0.tgz#afecc3d16367c05f083d185a6a6b8eb1126edaa3"
  integrity sha512-E1mOudHqBuP5cvF0/o6d5QWwKaTIv0dXbx06b/ZM0sAzLCyLJKHHbU6GbOAyOw6PSxXG6L8kvON4R/XFdqpWWQ==
  dependencies:
    "@aws-cdk/core" "1.92.0"
    "@aws-cdk/cx-api" "1.92.0"
    constructs "^3.2.0"

"@aws-cdk/aws-apigateway@1.92.0":
  version "1.92.0"
  resolved "https://registry.yarnpkg.com/@aws-cdk/aws-apigateway/-/aws-apigateway-1.92.0.tgz#c6fcf9f020f36972dfe35f68e8207b1aab3c55fe"
  integrity sha512-5ySHcCuOQp/CDX8Es7Vo52qZp1laLXK6gLixCBkRBbRrP4OAdXIBgfVJZlSw2wvmt+KbpAk1dL1+mX8Kh9ms+g==
  dependencies:
    "@aws-cdk/aws-certificatemanager" "1.92.0"
    "@aws-cdk/aws-cloudwatch" "1.92.0"
    "@aws-cdk/aws-cognito" "1.92.0"
    "@aws-cdk/aws-ec2" "1.92.0"
    "@aws-cdk/aws-elasticloadbalancingv2" "1.92.0"
    "@aws-cdk/aws-iam" "1.92.0"
    "@aws-cdk/aws-lambda" "1.92.0"
    "@aws-cdk/aws-logs" "1.92.0"
    "@aws-cdk/aws-s3" "1.92.0"
    "@aws-cdk/aws-s3-assets" "1.92.0"
    "@aws-cdk/core" "1.92.0"
    "@aws-cdk/cx-api" "1.92.0"
    constructs "^3.2.0"

"@aws-cdk/aws-apigatewayv2@1.92.0":
  version "1.92.0"
  resolved "https://registry.yarnpkg.com/@aws-cdk/aws-apigatewayv2/-/aws-apigatewayv2-1.92.0.tgz#cc9c7caf160e5bee99397de78297f499d3842acc"
  integrity sha512-BKM8x7SMDfefmdeUpnHhEx4ncTxBdL4MoZGaMkAibAcUk3Ok2vHEy2eWrl4jK8WTFYfUQivjsfnRFQk6755kZg==
  dependencies:
    "@aws-cdk/aws-certificatemanager" "1.92.0"
    "@aws-cdk/aws-cloudwatch" "1.92.0"
    "@aws-cdk/aws-ec2" "1.92.0"
    "@aws-cdk/aws-iam" "1.92.0"
    "@aws-cdk/core" "1.92.0"
    constructs "^3.2.0"

"@aws-cdk/aws-applicationautoscaling@1.92.0":
  version "1.92.0"
  resolved "https://registry.yarnpkg.com/@aws-cdk/aws-applicationautoscaling/-/aws-applicationautoscaling-1.92.0.tgz#430d98c54c79195f6f9cbe9e4d154251f1ac604b"
  integrity sha512-bHuLPE4vQtTeOeRAisXZA1am1QAz1UJnnDkE/mKqcwFbQIg+viTSCvvwABhUMAH7sAGJst26f1X3/PoTOmYizg==
  dependencies:
    "@aws-cdk/aws-autoscaling-common" "1.92.0"
    "@aws-cdk/aws-cloudwatch" "1.92.0"
    "@aws-cdk/aws-iam" "1.92.0"
    "@aws-cdk/core" "1.92.0"
    constructs "^3.2.0"

"@aws-cdk/aws-autoscaling-common@1.92.0":
  version "1.92.0"
  resolved "https://registry.yarnpkg.com/@aws-cdk/aws-autoscaling-common/-/aws-autoscaling-common-1.92.0.tgz#d4612270844434ffbfeeecca2a6dc58c6a6dcecb"
  integrity sha512-eANhYu4zAWHPfogYpuypz7OKfsXsbDWeISgt2I4WrIuJKSvVdH+XPkA1OOz2SfFe1NXN12czhLlA6NiWDuL8wg==
  dependencies:
    "@aws-cdk/aws-iam" "1.92.0"
    "@aws-cdk/core" "1.92.0"
    constructs "^3.2.0"

"@aws-cdk/aws-certificatemanager@1.92.0":
  version "1.92.0"
  resolved "https://registry.yarnpkg.com/@aws-cdk/aws-certificatemanager/-/aws-certificatemanager-1.92.0.tgz#7f5feb4226e98ad7975ae2f82b4740175244f3bd"
  integrity sha512-XH9IivSAr9OiCljQ0CqFTMZuB7qtfoDCPhUG3xK2ZYmkr8KfDAL3c64bIDn0wrgPnEPjg1vML/QZqIyG1yO7RQ==
  dependencies:
    "@aws-cdk/aws-iam" "1.92.0"
    "@aws-cdk/aws-lambda" "1.92.0"
    "@aws-cdk/aws-route53" "1.92.0"
    "@aws-cdk/core" "1.92.0"
    constructs "^3.2.0"

"@aws-cdk/aws-cloudformation@1.92.0":
  version "1.92.0"
  resolved "https://registry.yarnpkg.com/@aws-cdk/aws-cloudformation/-/aws-cloudformation-1.92.0.tgz#f5407d78ceb3ad08561310900d36b496ff0a3e24"
  integrity sha512-rM0kqqn5dNqlNlay5DMShTKCS/grNz5lYHSq7vYWu1Cx3uxT5HNhRL7eAFeJULarfDZv+wnmIPwJqKq46HksbA==
  dependencies:
    "@aws-cdk/aws-iam" "1.92.0"
    "@aws-cdk/aws-lambda" "1.92.0"
    "@aws-cdk/aws-s3" "1.92.0"
    "@aws-cdk/aws-sns" "1.92.0"
    "@aws-cdk/core" "1.92.0"
    "@aws-cdk/cx-api" "1.92.0"
    constructs "^3.2.0"

"@aws-cdk/aws-cloudfront-origins@^1.92.0":
  version "1.92.0"
  resolved "https://registry.yarnpkg.com/@aws-cdk/aws-cloudfront-origins/-/aws-cloudfront-origins-1.92.0.tgz#5d94b35de191234b31d7a53ac37ffd6a163f52ed"
  integrity sha512-UmgJxdcDsfdl3emPCggO7js90Hdnzb6iinFPu7ehiCSAprSGfyQ325VepwCe2vg1VGjZ4sIjZykrzIuSc7N84Q==
  dependencies:
    "@aws-cdk/aws-cloudfront" "1.92.0"
    "@aws-cdk/aws-elasticloadbalancingv2" "1.92.0"
    "@aws-cdk/aws-iam" "1.92.0"
    "@aws-cdk/aws-s3" "1.92.0"
    "@aws-cdk/core" "1.92.0"
    constructs "^3.2.0"

"@aws-cdk/aws-cloudfront@1.92.0":
  version "1.92.0"
  resolved "https://registry.yarnpkg.com/@aws-cdk/aws-cloudfront/-/aws-cloudfront-1.92.0.tgz#3d14e9f25ff5570ff5f5b2efe92382ca75d2273d"
  integrity sha512-lgmq2z+OGT1rs1Z6wKt2E8urwF//eXdgsBscs+qAoTcLsPMIRzwNalBDfqU+8DeREDf9jBN9XEY9KUEGOEMW6Q==
  dependencies:
    "@aws-cdk/aws-certificatemanager" "1.92.0"
    "@aws-cdk/aws-cloudwatch" "1.92.0"
    "@aws-cdk/aws-ec2" "1.92.0"
    "@aws-cdk/aws-iam" "1.92.0"
    "@aws-cdk/aws-kms" "1.92.0"
    "@aws-cdk/aws-lambda" "1.92.0"
    "@aws-cdk/aws-s3" "1.92.0"
    "@aws-cdk/aws-ssm" "1.92.0"
    "@aws-cdk/core" "1.92.0"
    constructs "^3.2.0"

"@aws-cdk/aws-cloudwatch@1.92.0":
  version "1.92.0"
  resolved "https://registry.yarnpkg.com/@aws-cdk/aws-cloudwatch/-/aws-cloudwatch-1.92.0.tgz#af268675c8adc6ffe856dac8f7cf2670f0852e7c"
  integrity sha512-GrTsWhwIFFh3JUO1wqHyfLaVvdau1NvvK4FMO8sCpkBhC+qDNqOh417zI82KbOvzIgvv14uZwFfSlCpCsM3f1w==
  dependencies:
    "@aws-cdk/aws-iam" "1.92.0"
    "@aws-cdk/core" "1.92.0"
    constructs "^3.2.0"

"@aws-cdk/aws-codeguruprofiler@1.92.0":
  version "1.92.0"
  resolved "https://registry.yarnpkg.com/@aws-cdk/aws-codeguruprofiler/-/aws-codeguruprofiler-1.92.0.tgz#c0819aacbff183d5d563be2b7cc113572d416179"
  integrity sha512-PaxG82IBG6niYrBiUmGc15q2KCB3g6S9qscHTVhZt212V0RbVgADNlZfthqEEE8rBNoV6KD6aYEtUpaV+nMT6g==
  dependencies:
    "@aws-cdk/aws-iam" "1.92.0"
    "@aws-cdk/core" "1.92.0"
    constructs "^3.2.0"

"@aws-cdk/aws-cognito@1.92.0":
  version "1.92.0"
  resolved "https://registry.yarnpkg.com/@aws-cdk/aws-cognito/-/aws-cognito-1.92.0.tgz#3d50ffbffae366075eb02c240fb3f6a9d955fe20"
  integrity sha512-FSkyzWkpwgjhkRYwUFizmXsmnZfxs53DLdPvh5UFWuauTBgmhW1YSZpRrsk2tZc+gOL08qPfh+xpLN0WYjsWNw==
  dependencies:
    "@aws-cdk/aws-certificatemanager" "1.92.0"
    "@aws-cdk/aws-iam" "1.92.0"
    "@aws-cdk/aws-lambda" "1.92.0"
    "@aws-cdk/core" "1.92.0"
    "@aws-cdk/custom-resources" "1.92.0"
    constructs "^3.2.0"
    punycode "^2.1.1"

"@aws-cdk/aws-ec2@1.92.0":
  version "1.92.0"
  resolved "https://registry.yarnpkg.com/@aws-cdk/aws-ec2/-/aws-ec2-1.92.0.tgz#ff2f1f5394bbeb1450d210de0e99020da050f6b5"
  integrity sha512-JAa4mMcGP/CezVg9ew3EZ41NRVRhhmqGkv2tk9BMkBmI14GcK2IwUDyN9/fZE5vsN/puYWJvffjFMDC7k2qPdA==
  dependencies:
    "@aws-cdk/aws-cloudwatch" "1.92.0"
    "@aws-cdk/aws-iam" "1.92.0"
    "@aws-cdk/aws-kms" "1.92.0"
    "@aws-cdk/aws-logs" "1.92.0"
    "@aws-cdk/aws-s3" "1.92.0"
    "@aws-cdk/aws-s3-assets" "1.92.0"
    "@aws-cdk/aws-ssm" "1.92.0"
    "@aws-cdk/cloud-assembly-schema" "1.92.0"
    "@aws-cdk/core" "1.92.0"
    "@aws-cdk/cx-api" "1.92.0"
    "@aws-cdk/region-info" "1.92.0"
    constructs "^3.2.0"

"@aws-cdk/aws-ecr-assets@1.92.0":
  version "1.92.0"
  resolved "https://registry.yarnpkg.com/@aws-cdk/aws-ecr-assets/-/aws-ecr-assets-1.92.0.tgz#9ab56c4ca3e143920f1dec19cc04740a6beff217"
  integrity sha512-vdkNH3lQaLEaEo/v/kXIDmvCiTyNFnVv/XuGnN/nEODrY/1ZH3D6mzyDRPtsJUlA1RP95lGMsBn5dh40kxFMug==
  dependencies:
    "@aws-cdk/assets" "1.92.0"
    "@aws-cdk/aws-ecr" "1.92.0"
    "@aws-cdk/aws-iam" "1.92.0"
    "@aws-cdk/aws-s3" "1.92.0"
    "@aws-cdk/core" "1.92.0"
    "@aws-cdk/cx-api" "1.92.0"
    constructs "^3.2.0"
    minimatch "^3.0.4"

"@aws-cdk/aws-ecr@1.92.0":
  version "1.92.0"
  resolved "https://registry.yarnpkg.com/@aws-cdk/aws-ecr/-/aws-ecr-1.92.0.tgz#237640c45069819cd79aba400dba16e3f39e1694"
  integrity sha512-quw+Z5YzRIoEjzAGU8xynB6qTFH8vVeqPORwrGX/kDETmXguxXrPAMoOPewO4fvPOKVOk71OCGtLTnuzsZ5pgA==
  dependencies:
    "@aws-cdk/aws-events" "1.92.0"
    "@aws-cdk/aws-iam" "1.92.0"
    "@aws-cdk/core" "1.92.0"
    constructs "^3.2.0"

"@aws-cdk/aws-efs@1.92.0":
  version "1.92.0"
  resolved "https://registry.yarnpkg.com/@aws-cdk/aws-efs/-/aws-efs-1.92.0.tgz#3f3611be3be7daa3ac0aa7bef9185be7e1fe141b"
  integrity sha512-V26Wuq1VFYmk/F3xzX0l0xv2pCTylU56YvVpk3CEsnSQfVVD6wGgrRZkODUcMlU3vNXRiNnX/Og+IUV4Omp4Xw==
  dependencies:
    "@aws-cdk/aws-ec2" "1.92.0"
    "@aws-cdk/aws-kms" "1.92.0"
    "@aws-cdk/cloud-assembly-schema" "1.92.0"
    "@aws-cdk/core" "1.92.0"
    "@aws-cdk/cx-api" "1.92.0"
    constructs "^3.2.0"

"@aws-cdk/aws-elasticloadbalancing@1.92.0":
  version "1.92.0"
  resolved "https://registry.yarnpkg.com/@aws-cdk/aws-elasticloadbalancing/-/aws-elasticloadbalancing-1.92.0.tgz#7c4aed9ddc60593819d75fc573e0863a1e11b72c"
  integrity sha512-0sQxJaUmi1Lm7rPmFu+lHeKpSByYk3yctq0bkaPu4Gtns1KMK7UiW/MTR//6rc1tITXwcHVDHrqhGquHnHtuTg==
  dependencies:
    "@aws-cdk/aws-ec2" "1.92.0"
    "@aws-cdk/core" "1.92.0"
    constructs "^3.2.0"

"@aws-cdk/aws-elasticloadbalancingv2@1.92.0":
  version "1.92.0"
  resolved "https://registry.yarnpkg.com/@aws-cdk/aws-elasticloadbalancingv2/-/aws-elasticloadbalancingv2-1.92.0.tgz#51cb7ae63469c187a444854f1a8bb2dac22354d5"
  integrity sha512-+gPN2PXHaJTjWlUdX0lmBKjBnYlV6ZpH4YWQzCp3KxMRImZa4J47AjPCGaNTUL2jTXu7f9kzWxBdI3pCuPJufA==
  dependencies:
    "@aws-cdk/aws-certificatemanager" "1.92.0"
    "@aws-cdk/aws-cloudwatch" "1.92.0"
    "@aws-cdk/aws-ec2" "1.92.0"
    "@aws-cdk/aws-iam" "1.92.0"
    "@aws-cdk/aws-lambda" "1.92.0"
    "@aws-cdk/aws-s3" "1.92.0"
    "@aws-cdk/cloud-assembly-schema" "1.92.0"
    "@aws-cdk/core" "1.92.0"
    "@aws-cdk/cx-api" "1.92.0"
    "@aws-cdk/region-info" "1.92.0"
    constructs "^3.2.0"

"@aws-cdk/aws-events@1.92.0":
  version "1.92.0"
  resolved "https://registry.yarnpkg.com/@aws-cdk/aws-events/-/aws-events-1.92.0.tgz#a8c53ab1943700b568e5c28bed2b2996f9400df1"
  integrity sha512-u/SsljSnjzh7ChdLhD5gHqcES/84jyNkQQ6RGe4uCNleL6qZxJXxo7/utWgzQSiAdVdKyMsxNKgrLETnF2FaFQ==
  dependencies:
    "@aws-cdk/aws-iam" "1.92.0"
    "@aws-cdk/core" "1.92.0"
    constructs "^3.2.0"

"@aws-cdk/aws-globalaccelerator@1.92.0":
  version "1.92.0"
  resolved "https://registry.yarnpkg.com/@aws-cdk/aws-globalaccelerator/-/aws-globalaccelerator-1.92.0.tgz#9bd6e3c42f050e392b74e2c1dcac92ae401931bd"
  integrity sha512-iH5cDxedi2KKOTZ9gZAWYc3g5pYEwrpmg57JVYo1Xw1vlPo2GwJ8TNNd/O5oTOY6DJKNbTWuH6iwya56Q9rIKQ==
  dependencies:
    "@aws-cdk/aws-ec2" "1.92.0"
    "@aws-cdk/core" "1.92.0"
    "@aws-cdk/custom-resources" "1.92.0"
    constructs "^3.2.0"

"@aws-cdk/aws-iam@1.92.0":
  version "1.92.0"
  resolved "https://registry.yarnpkg.com/@aws-cdk/aws-iam/-/aws-iam-1.92.0.tgz#0bc0102e67d75e818946935cb9110ac363d35cb8"
  integrity sha512-cO11Ikx5Sjwcn3lunlRTD90JFfz1xS5dYJGVSMmRaEKaBSWK7p3WQsnvakefuNsLPXhORKq8rnLzksaHeJHJuA==
  dependencies:
    "@aws-cdk/core" "1.92.0"
    "@aws-cdk/region-info" "1.92.0"
    constructs "^3.2.0"

"@aws-cdk/aws-kms@1.92.0":
  version "1.92.0"
  resolved "https://registry.yarnpkg.com/@aws-cdk/aws-kms/-/aws-kms-1.92.0.tgz#8ea50bfa1657f860117e275df1a8e88d9e4b28a3"
  integrity sha512-vKZRRIGV78lEO7xOYyNZzELRChxjPxzdC6RP3LMwZMlMZYRxcj5kRdpLh9SKscqByHxwA8rqW8FvxdJV9Y1bOw==
  dependencies:
    "@aws-cdk/aws-iam" "1.92.0"
    "@aws-cdk/core" "1.92.0"
    "@aws-cdk/cx-api" "1.92.0"
    constructs "^3.2.0"

"@aws-cdk/aws-lambda-nodejs@1.92.0":
  version "1.92.0"
  resolved "https://registry.yarnpkg.com/@aws-cdk/aws-lambda-nodejs/-/aws-lambda-nodejs-1.92.0.tgz#a7ff9d59fc1da13ef708058742aa9260e43ea369"
  integrity sha512-r3ynHOWHrwwn/f7U+6z8kmXwNXqXZdTjKMMUFfjCBiottZLRoFgK/eLWe3HY1YrjOvk9V3GeKdJQi5ADQfWyGQ==
  dependencies:
    "@aws-cdk/aws-lambda" "1.92.0"
    "@aws-cdk/core" "1.92.0"
    constructs "^3.2.0"

"@aws-cdk/aws-lambda@1.92.0":
  version "1.92.0"
  resolved "https://registry.yarnpkg.com/@aws-cdk/aws-lambda/-/aws-lambda-1.92.0.tgz#6cb8e561c8049e876eb6a11034ac2c4621a3a453"
  integrity sha512-YWNG7Ag2CbA+uybjeWn9JgDeIZPe3MkhCOzdrbTwYOOFobzXgapgSp+f6ZyJf2N0TB3xT4mMroJDGcVIzDsLGA==
  dependencies:
    "@aws-cdk/aws-applicationautoscaling" "1.92.0"
    "@aws-cdk/aws-cloudwatch" "1.92.0"
    "@aws-cdk/aws-codeguruprofiler" "1.92.0"
    "@aws-cdk/aws-ec2" "1.92.0"
    "@aws-cdk/aws-ecr" "1.92.0"
    "@aws-cdk/aws-ecr-assets" "1.92.0"
    "@aws-cdk/aws-efs" "1.92.0"
    "@aws-cdk/aws-events" "1.92.0"
    "@aws-cdk/aws-iam" "1.92.0"
    "@aws-cdk/aws-kms" "1.92.0"
    "@aws-cdk/aws-logs" "1.92.0"
    "@aws-cdk/aws-s3" "1.92.0"
    "@aws-cdk/aws-s3-assets" "1.92.0"
    "@aws-cdk/aws-signer" "1.92.0"
    "@aws-cdk/aws-sqs" "1.92.0"
    "@aws-cdk/core" "1.92.0"
    "@aws-cdk/cx-api" "1.92.0"
    constructs "^3.2.0"

"@aws-cdk/aws-logs@1.92.0":
  version "1.92.0"
  resolved "https://registry.yarnpkg.com/@aws-cdk/aws-logs/-/aws-logs-1.92.0.tgz#50b36a80b3c528e8a1f6de9bbc8d67c3580d566e"
  integrity sha512-/SCRQqoAt36z7g7xXXyoI1vPPCk1VE+ziTACeM7laSAEQwiSQQLUPehCdDnNVHoSmTX6arrWacM4ZNeHjNG+CA==
  dependencies:
    "@aws-cdk/aws-cloudwatch" "1.92.0"
    "@aws-cdk/aws-iam" "1.92.0"
    "@aws-cdk/aws-kms" "1.92.0"
    "@aws-cdk/aws-s3-assets" "1.92.0"
    "@aws-cdk/core" "1.92.0"
    constructs "^3.2.0"

"@aws-cdk/aws-route53-targets@1.92.0":
  version "1.92.0"
  resolved "https://registry.yarnpkg.com/@aws-cdk/aws-route53-targets/-/aws-route53-targets-1.92.0.tgz#69369ad6ecf9094fbffdc73fe4ad8829df03487f"
  integrity sha512-kSHZbSfSZCkqt9wOl6cvkypVRsoFBTJ20fZx06UbB8rUzVhHLxeAA/mWEDKtfKfhrSdJBq0HRR1l+yXnCz08IQ==
  dependencies:
    "@aws-cdk/aws-apigateway" "1.92.0"
    "@aws-cdk/aws-apigatewayv2" "1.92.0"
    "@aws-cdk/aws-cloudfront" "1.92.0"
    "@aws-cdk/aws-cognito" "1.92.0"
    "@aws-cdk/aws-ec2" "1.92.0"
    "@aws-cdk/aws-elasticloadbalancing" "1.92.0"
    "@aws-cdk/aws-elasticloadbalancingv2" "1.92.0"
    "@aws-cdk/aws-globalaccelerator" "1.92.0"
    "@aws-cdk/aws-iam" "1.92.0"
    "@aws-cdk/aws-route53" "1.92.0"
    "@aws-cdk/aws-s3" "1.92.0"
    "@aws-cdk/core" "1.92.0"
    "@aws-cdk/region-info" "1.92.0"
    constructs "^3.2.0"

"@aws-cdk/aws-route53@1.92.0":
  version "1.92.0"
  resolved "https://registry.yarnpkg.com/@aws-cdk/aws-route53/-/aws-route53-1.92.0.tgz#b90c3e091ec8509fea7ba5229cb4c2f5f95ab0dc"
  integrity sha512-Nk/9iToeji774GJq/cp/3C3e7/koAMIUmuaM4Hrr3vcP4ce01D6AF8G/Q8BhGqgk9saxBYyl4DId4zAbp75MlQ==
  dependencies:
    "@aws-cdk/aws-ec2" "1.92.0"
    "@aws-cdk/aws-iam" "1.92.0"
    "@aws-cdk/aws-logs" "1.92.0"
    "@aws-cdk/cloud-assembly-schema" "1.92.0"
    "@aws-cdk/core" "1.92.0"
    "@aws-cdk/custom-resources" "1.92.0"
    constructs "^3.2.0"

"@aws-cdk/aws-s3-assets@1.92.0":
  version "1.92.0"
  resolved "https://registry.yarnpkg.com/@aws-cdk/aws-s3-assets/-/aws-s3-assets-1.92.0.tgz#cb9cf68c72336a8b8a87e2da7ad3fc9c658f9029"
  integrity sha512-fPxKXMrdarMtHtMLZqc7ivYZPL55JG4V/Mi+qHlmfw7QVJ+TPf/Glb5+I2Y+Dn2EbpiNKIgE2Vy+okp2nfaL0Q==
  dependencies:
    "@aws-cdk/assets" "1.92.0"
    "@aws-cdk/aws-iam" "1.92.0"
    "@aws-cdk/aws-kms" "1.92.0"
    "@aws-cdk/aws-s3" "1.92.0"
    "@aws-cdk/core" "1.92.0"
    "@aws-cdk/cx-api" "1.92.0"
    constructs "^3.2.0"

"@aws-cdk/aws-s3-deployment@1.92.0":
  version "1.92.0"
  resolved "https://registry.yarnpkg.com/@aws-cdk/aws-s3-deployment/-/aws-s3-deployment-1.92.0.tgz#a9fb6425f4633553d3fdd584573bad4a85bbbe8e"
  integrity sha512-woni8BjwA8jtmZpf0C9LOcqzZrqdu5c9fDPkyGItBJkekMM8gJoX4OcZP2sGcKx8CPApUObi7uZouXzRCRCVXg==
  dependencies:
    "@aws-cdk/aws-cloudfront" "1.92.0"
    "@aws-cdk/aws-ec2" "1.92.0"
    "@aws-cdk/aws-iam" "1.92.0"
    "@aws-cdk/aws-lambda" "1.92.0"
    "@aws-cdk/aws-s3" "1.92.0"
    "@aws-cdk/aws-s3-assets" "1.92.0"
    "@aws-cdk/core" "1.92.0"
    "@aws-cdk/lambda-layer-awscli" "1.92.0"
    constructs "^3.2.0"

"@aws-cdk/aws-s3@1.92.0":
  version "1.92.0"
  resolved "https://registry.yarnpkg.com/@aws-cdk/aws-s3/-/aws-s3-1.92.0.tgz#0ec06598c41d0084d40b5b35f322eb29626cc088"
  integrity sha512-/DP79m0NrxRVU7ndZ1dRWjVv82fY+tGfaOJ1iUMab5QfpIq3fMRcvbr9ARFh0//ICWDf+ob6k0n0H12HNqyohw==
  dependencies:
    "@aws-cdk/aws-events" "1.92.0"
    "@aws-cdk/aws-iam" "1.92.0"
    "@aws-cdk/aws-kms" "1.92.0"
    "@aws-cdk/core" "1.92.0"
    "@aws-cdk/cx-api" "1.92.0"
    constructs "^3.2.0"

"@aws-cdk/aws-signer@1.92.0":
  version "1.92.0"
  resolved "https://registry.yarnpkg.com/@aws-cdk/aws-signer/-/aws-signer-1.92.0.tgz#c39e749079a5a965935a3e2ebfda4d8e055a3c5e"
  integrity sha512-QDGiqjCyRaJsVYKjS1aumndHfbrWeT56XSLz2I+YnoJgQr1UXABxXa1biZoydu4hG8ae1ELchqSgPfYm4xColw==
  dependencies:
    "@aws-cdk/core" "1.92.0"
    constructs "^3.2.0"

"@aws-cdk/aws-sns@1.92.0":
  version "1.92.0"
  resolved "https://registry.yarnpkg.com/@aws-cdk/aws-sns/-/aws-sns-1.92.0.tgz#5bcdda7a8c69acb6f505a68e50fb51506c1ffd66"
  integrity sha512-oxXyKKwU2Vu5XQpcFF1Eg99IicEIf9ajcxz0AlBcFT1/xTf8SMzajd54vL4mcoCiQaRXgteubnZC9Ce5RAvT8g==
  dependencies:
    "@aws-cdk/aws-cloudwatch" "1.92.0"
    "@aws-cdk/aws-events" "1.92.0"
    "@aws-cdk/aws-iam" "1.92.0"
    "@aws-cdk/aws-kms" "1.92.0"
    "@aws-cdk/aws-sqs" "1.92.0"
    "@aws-cdk/core" "1.92.0"
    constructs "^3.2.0"

"@aws-cdk/aws-sqs@1.92.0":
  version "1.92.0"
  resolved "https://registry.yarnpkg.com/@aws-cdk/aws-sqs/-/aws-sqs-1.92.0.tgz#cfc6cebfffdfdc3598691cd1c8086310ced28413"
  integrity sha512-otInXJQwoOWc8dx8HYfu5GDrV5DCnqaYnNLNitNyfJ3Eiq6fVnL6EuetPDdgf9PK7hMlKqKtaVJK7WoNiwgwSw==
  dependencies:
    "@aws-cdk/aws-cloudwatch" "1.92.0"
    "@aws-cdk/aws-iam" "1.92.0"
    "@aws-cdk/aws-kms" "1.92.0"
    "@aws-cdk/core" "1.92.0"
    constructs "^3.2.0"

"@aws-cdk/aws-ssm@1.92.0":
  version "1.92.0"
  resolved "https://registry.yarnpkg.com/@aws-cdk/aws-ssm/-/aws-ssm-1.92.0.tgz#2a0cd09b1b839a89bb5ed4887e43049ae4331c8b"
  integrity sha512-+1zI2yL4jS6HKtOpD+YUxXLU//BqWRs836wbFzZTpewnjRiCeXyEkA7ZLUBzis+W4uCCrxvbDM7sVbVpi1N3iQ==
  dependencies:
    "@aws-cdk/aws-iam" "1.92.0"
    "@aws-cdk/aws-kms" "1.92.0"
    "@aws-cdk/cloud-assembly-schema" "1.92.0"
    "@aws-cdk/core" "1.92.0"
    constructs "^3.2.0"

"@aws-cdk/cloud-assembly-schema@1.92.0":
  version "1.92.0"
  resolved "https://registry.yarnpkg.com/@aws-cdk/cloud-assembly-schema/-/cloud-assembly-schema-1.92.0.tgz#389db930264b6c3bd75d9f5988f0a70e4dbfe7b4"
  integrity sha512-xRdNjwN49KlkKh3k/h/tSK3dEoxiHvbKi/aYXbBjwynRseCEPoeZTJ+BdMagdAt6uFTt6L3DpdoilQ0m2AJKSQ==
  dependencies:
    jsonschema "^1.4.0"
    semver "^7.3.4"

"@aws-cdk/core@1.92.0":
  version "1.92.0"
  resolved "https://registry.yarnpkg.com/@aws-cdk/core/-/core-1.92.0.tgz#4de4f834bd786f05997ebd005c7b681444bb5632"
  integrity sha512-8zYkHHU2lVUjNFI0gEb1SZoRutUYeZfr9Ea2UhL+kxj4CstNUGnHanO2qC/EcXkTi6zjuD1D9NpuWNFJNaDsIA==
  dependencies:
    "@aws-cdk/cloud-assembly-schema" "1.92.0"
    "@aws-cdk/cx-api" "1.92.0"
    "@aws-cdk/region-info" "1.92.0"
    "@balena/dockerignore" "^1.0.2"
    constructs "^3.2.0"
    fs-extra "^9.1.0"
    ignore "^5.1.8"
    minimatch "^3.0.4"

"@aws-cdk/custom-resources@1.92.0":
  version "1.92.0"
  resolved "https://registry.yarnpkg.com/@aws-cdk/custom-resources/-/custom-resources-1.92.0.tgz#1982b65a0fe8ec4283e8fce37e331b4ce8c60fc2"
  integrity sha512-4BMZBoWvvf373shLZTaX9shYLiRL8l1cSZdhsx8aRCAV8QXAxFEMpY0+jUot3cDgzOi31+uBQKaKExcVb5K7IA==
  dependencies:
    "@aws-cdk/aws-cloudformation" "1.92.0"
    "@aws-cdk/aws-ec2" "1.92.0"
    "@aws-cdk/aws-iam" "1.92.0"
    "@aws-cdk/aws-lambda" "1.92.0"
    "@aws-cdk/aws-logs" "1.92.0"
    "@aws-cdk/aws-sns" "1.92.0"
    "@aws-cdk/core" "1.92.0"
    constructs "^3.2.0"

"@aws-cdk/cx-api@1.92.0":
  version "1.92.0"
  resolved "https://registry.yarnpkg.com/@aws-cdk/cx-api/-/cx-api-1.92.0.tgz#e147567f77cd70e339fb87b420e159ebf685ed5f"
  integrity sha512-bUFnwGxvMrt5ktKrk0/lZuzifz5R8TFMW3mI2Egz44qLWPdzogJZnom/Camls2bi5TjTmPwf2mukP3GDeWe81A==
  dependencies:
    "@aws-cdk/cloud-assembly-schema" "1.92.0"
    semver "^7.3.4"

"@aws-cdk/lambda-layer-awscli@1.92.0":
  version "1.92.0"
  resolved "https://registry.yarnpkg.com/@aws-cdk/lambda-layer-awscli/-/lambda-layer-awscli-1.92.0.tgz#8f9f40714bd9a0f92eaad8693b9bc5aed425c591"
  integrity sha512-0Hewh6nYDgBFD+FsMMigxLmXKH8C3e1fiIGBidzJe7Y6K8tor9NUDjuUMFeGd8udqyNg0dNNpyRAVo01mGcw+Q==
  dependencies:
    "@aws-cdk/aws-lambda" "1.92.0"
    "@aws-cdk/core" "1.92.0"
    constructs "^3.2.0"

"@aws-cdk/region-info@1.92.0":
  version "1.92.0"
  resolved "https://registry.yarnpkg.com/@aws-cdk/region-info/-/region-info-1.92.0.tgz#aef50755f31104aad394fa65dd5fa80d26675e61"
  integrity sha512-wGCtgpdg4JirfC2vOZBQWYcEevKq/YWcwGz9xOmWeQ6bcCLYrEJSPlhw29+Fv0yGrg4AeRGqrXemRP6EUIjx5g==

"@balena/dockerignore@^1.0.2":
  version "1.0.2"
  resolved "https://registry.yarnpkg.com/@balena/dockerignore/-/dockerignore-1.0.2.tgz#9ffe4726915251e8eb69f44ef3547e0da2c03e0d"
  integrity sha512-wMue2Sy4GAVTk6Ic4tJVcnfdau+gx2EnG7S+uAEe+TWJFqE4YoWN4/H8MSLj4eYJKxGg26lZwboEniNiNwZQ6Q==

"@rollup/plugin-typescript@^8.1.1":
  version "8.1.1"
  resolved "https://registry.yarnpkg.com/@rollup/plugin-typescript/-/plugin-typescript-8.1.1.tgz#cadd6c381a92cc7e8148cc8b1eeba146020635d0"
  integrity sha512-DPFy0SV8/GgHFL31yPFVo0G1T3yzwdw6R9KisBfO2zCYbDHUqDChSWr1KmtpGz/TmutpoGJjIvu80p9HzCEF0A==
  dependencies:
    "@rollup/pluginutils" "^3.1.0"
    resolve "^1.17.0"

"@rollup/pluginutils@^3.1.0":
  version "3.1.0"
  resolved "https://registry.yarnpkg.com/@rollup/pluginutils/-/pluginutils-3.1.0.tgz#706b4524ee6dc8b103b3c995533e5ad680c02b9b"
  integrity sha512-GksZ6pr6TpIjHm8h9lSQ8pi8BE9VeubNT0OMJ3B5uZJ8pz73NPiqOtCog/x2/QzM1ENChPKxMDhiQuRHsqc+lg==
  dependencies:
    "@types/estree" "0.0.39"
    estree-walker "^1.0.1"
    picomatch "^2.2.2"

"@tsconfig/node10@^1.0.7":
  version "1.0.7"
  resolved "https://registry.yarnpkg.com/@tsconfig/node10/-/node10-1.0.7.tgz#1eb1de36c73478a2479cc661ef5af1c16d86d606"
  integrity sha512-aBvUmXLQbayM4w3A8TrjwrXs4DZ8iduJnuJLLRGdkWlyakCf1q6uHZJBzXoRA/huAEknG5tcUyQxN3A+In5euQ==

"@types/estree@0.0.39":
  version "0.0.39"
  resolved "https://registry.yarnpkg.com/@types/estree/-/estree-0.0.39.tgz#e177e699ee1b8c22d23174caaa7422644389509f"
  integrity sha512-EYNwp3bU+98cpU4lAWYYL7Zz+2gryWH1qbdDTidVd6hkiR6weksdbMadyXKXNPEkQFhXM+hVO9ZygomHXp+AIw==

at-least-node@^1.0.0:
  version "1.0.0"
  resolved "https://registry.yarnpkg.com/at-least-node/-/at-least-node-1.0.0.tgz#602cd4b46e844ad4effc92a8011a3c46e0238dc2"
  integrity sha512-+q/t7Ekv1EDY2l6Gda6LLiX14rU9TV20Wa3ofeQmwPFZbOMo9DXrLbOjFaaclkXKWidIaopwAObQDqwWtGUjqg==

balanced-match@^1.0.0:
  version "1.0.0"
  resolved "https://registry.yarnpkg.com/balanced-match/-/balanced-match-1.0.0.tgz#89b4d199ab2bee49de164ea02b89ce462d71b767"
  integrity sha1-ibTRmasr7kneFk6gK4nORi1xt2c=

brace-expansion@^1.1.7:
  version "1.1.11"
  resolved "https://registry.yarnpkg.com/brace-expansion/-/brace-expansion-1.1.11.tgz#3c7fcbf529d87226f3d2f52b966ff5271eb441dd"
  integrity sha512-iCuPHDFgrHX7H2vEI/5xpz07zSHB00TpugqhmYtVmMO6518mCuRMoOYFldEBl0g187ufozdaHgWKcYFb61qGiA==
  dependencies:
    balanced-match "^1.0.0"
    concat-map "0.0.1"

concat-map@0.0.1:
  version "0.0.1"
  resolved "https://registry.yarnpkg.com/concat-map/-/concat-map-0.0.1.tgz#d8a96bd77fd68df7793a73036a3ba0d5405d477b"
  integrity sha1-2Klr13/Wjfd5OnMDajug1UBdR3s=

constructs@^3.2.0:
  version "3.3.7"
  resolved "https://registry.yarnpkg.com/constructs/-/constructs-3.3.7.tgz#65278f03720b96694a14b038c673df7b4b37b6a6"
  integrity sha512-gUiYLX5T78AhwA+npVlvsI1AGKZBsH0ajKCzgmE7IPoQbdXiHLUmLsbuWFk4uSZUU2JDtepFH8ULk71fPi6PnA==

estree-walker@^1.0.1:
  version "1.0.1"
  resolved "https://registry.yarnpkg.com/estree-walker/-/estree-walker-1.0.1.tgz#31bc5d612c96b704106b477e6dd5d8aa138cb700"
  integrity sha512-1fMXF3YP4pZZVozF8j/ZLfvnR8NSIljt56UhbZ5PeeDmmGHpgpdwQt7ITlGvYaQukCvuBRMLEiKiYC+oeIg4cg==

fs-extra@^9.1.0:
  version "9.1.0"
  resolved "https://registry.yarnpkg.com/fs-extra/-/fs-extra-9.1.0.tgz#5954460c764a8da2094ba3554bf839e6b9a7c86d"
  integrity sha512-hcg3ZmepS30/7BSFqRvoo3DOMQu7IjqxO5nCDt+zM9XWjb33Wg7ziNT+Qvqbuc3+gWpzO02JubVyk2G4Zvo1OQ==
  dependencies:
    at-least-node "^1.0.0"
    graceful-fs "^4.2.0"
    jsonfile "^6.0.1"
    universalify "^2.0.0"

fsevents@~2.3.1:
  version "2.3.2"
  resolved "https://registry.yarnpkg.com/fsevents/-/fsevents-2.3.2.tgz#8a526f78b8fdf4623b709e0b975c52c24c02fd1a"
  integrity sha512-xiqMQR4xAeHTuB9uWm+fFRcIOgKBMiOBP+eXiyT7jsgVCq1bkVygt00oASowB7EdtpOHaaPgKt812P9ab+DDKA==

function-bind@^1.1.1:
  version "1.1.1"
  resolved "https://registry.yarnpkg.com/function-bind/-/function-bind-1.1.1.tgz#a56899d3ea3c9bab874bb9773b7c5ede92f4895d"
  integrity sha512-yIovAzMX49sF8Yl58fSCWJ5svSLuaibPxXQJFLmBObTuCr0Mf1KiPopGM9NiFjiYBCbfaa2Fh6breQ6ANVTI0A==

graceful-fs@^4.1.6, graceful-fs@^4.2.0:
  version "4.2.4"
  resolved "https://registry.yarnpkg.com/graceful-fs/-/graceful-fs-4.2.4.tgz#2256bde14d3632958c465ebc96dc467ca07a29fb"
  integrity sha512-WjKPNJF79dtJAVniUlGGWHYGz2jWxT6VhN/4m1NdkbZ2nOsEF+cI1Edgql5zCRhs/VsQYRvrXctxktVXZUkixw==

has@^1.0.3:
  version "1.0.3"
  resolved "https://registry.yarnpkg.com/has/-/has-1.0.3.tgz#722d7cbfc1f6aa8241f16dd814e011e1f41e8796"
  integrity sha512-f2dvO0VU6Oej7RkWJGrehjbzMAjFp5/VKPp5tTpWIV4JHHZK1/BxbFRtf/siA2SWTe09caDmVtYYzWEIbBS4zw==
  dependencies:
    function-bind "^1.1.1"

ignore@^5.1.8:
  version "5.1.8"
  resolved "https://registry.yarnpkg.com/ignore/-/ignore-5.1.8.tgz#f150a8b50a34289b33e22f5889abd4d8016f0e57"
  integrity sha512-BMpfD7PpiETpBl/A6S498BaIJ6Y/ABT93ETbby2fP00v4EbvPBXWEoaR1UBPKs3iR53pJY7EtZk5KACI57i1Uw==

is-core-module@^2.1.0:
  version "2.2.0"
  resolved "https://registry.yarnpkg.com/is-core-module/-/is-core-module-2.2.0.tgz#97037ef3d52224d85163f5597b2b63d9afed981a"
  integrity sha512-XRAfAdyyY5F5cOXn7hYQDqh2Xmii+DEfIcQGxK/uNwMHhIkPWO0g8msXcbzLe+MpGoR951MlqM/2iIlU4vKDdQ==
  dependencies:
    has "^1.0.3"

jsonfile@^6.0.1:
  version "6.1.0"
  resolved "https://registry.yarnpkg.com/jsonfile/-/jsonfile-6.1.0.tgz#bc55b2634793c679ec6403094eb13698a6ec0aae"
  integrity sha512-5dgndWOriYSm5cnYaJNhalLNDKOqFwyDB/rr1E9ZsGciGvKPs8R2xYGCacuf3z6K1YKDz182fd+fY3cn3pMqXQ==
  dependencies:
    universalify "^2.0.0"
  optionalDependencies:
    graceful-fs "^4.1.6"

jsonschema@^1.4.0:
  version "1.4.0"
  resolved "https://registry.yarnpkg.com/jsonschema/-/jsonschema-1.4.0.tgz#1afa34c4bc22190d8e42271ec17ac8b3404f87b2"
  integrity sha512-/YgW6pRMr6M7C+4o8kS+B/2myEpHCrxO4PEWnqJNBFMjn7EWXqlQ4tGwL6xTHeRplwuZmcAncdvfOad1nT2yMw==

lru-cache@^6.0.0:
  version "6.0.0"
  resolved "https://registry.yarnpkg.com/lru-cache/-/lru-cache-6.0.0.tgz#6d6fe6570ebd96aaf90fcad1dafa3b2566db3a94"
  integrity sha512-Jo6dJ04CmSjuznwJSS3pUeWmd/H0ffTlkXXgwZi+eq1UCmqQwCh+eLsYOYCwY991i2Fah4h1BEMCx4qThGbsiA==
  dependencies:
    yallist "^4.0.0"

minimatch@^3.0.4:
  version "3.0.4"
  resolved "https://registry.yarnpkg.com/minimatch/-/minimatch-3.0.4.tgz#5166e286457f03306064be5497e8dbb0c3d32083"
  integrity sha512-yJHVQEhyqPLUTgt9B83PXu6W3rx4MvvHvSUvToogpwoGDOUQ+yDrR0HRot+yOCdCO7u4hX3pWft6kWBBcqh0UA==
  dependencies:
    brace-expansion "^1.1.7"

path-parse@^1.0.6:
  version "1.0.6"
  resolved "https://registry.yarnpkg.com/path-parse/-/path-parse-1.0.6.tgz#d62dbb5679405d72c4737ec58600e9ddcf06d24c"
  integrity sha512-GSmOT2EbHrINBf9SR7CDELwlJ8AENk3Qn7OikK4nFYAu3Ote2+JYNVvkpAEQm3/TLNEJFD/xZJjzyxg3KBWOzw==

picomatch@^2.2.2:
  version "2.2.2"
  resolved "https://registry.yarnpkg.com/picomatch/-/picomatch-2.2.2.tgz#21f333e9b6b8eaff02468f5146ea406d345f4dad"
  integrity sha512-q0M/9eZHzmr0AulXyPwNfZjtwZ/RBZlbN3K3CErVrk50T2ASYI7Bye0EvekFY3IP1Nt2DHu0re+V2ZHIpMkuWg==

punycode@^2.1.1:
  version "2.1.1"
  resolved "https://registry.yarnpkg.com/punycode/-/punycode-2.1.1.tgz#b58b010ac40c22c5657616c8d2c2c02c7bf479ec"
  integrity sha512-XRsRjdf+j5ml+y/6GKHPZbrF/8p2Yga0JPtdqTIY2Xe5ohJPD9saDJJLPvp9+NSBprVvevdXZybnj2cv8OEd0A==

resolve@^1.17.0:
  version "1.19.0"
  resolved "https://registry.yarnpkg.com/resolve/-/resolve-1.19.0.tgz#1af5bf630409734a067cae29318aac7fa29a267c"
  integrity sha512-rArEXAgsBG4UgRGcynxWIWKFvh/XZCcS8UJdHhwy91zwAvCZIbcs+vAbflgBnNjYMs/i/i+/Ux6IZhML1yPvxg==
  dependencies:
    is-core-module "^2.1.0"
    path-parse "^1.0.6"

rollup@^2.38.5:
  version "2.38.5"
  resolved "https://registry.yarnpkg.com/rollup/-/rollup-2.38.5.tgz#be41ad4fe0c103a8794377afceb5f22b8f603d6a"
  integrity sha512-VoWt8DysFGDVRGWuHTqZzT02J0ASgjVq/hPs9QcBOGMd7B+jfTr/iqMVEyOi901rE3xq+Deq66GzIT1yt7sGwQ==
  optionalDependencies:
    fsevents "~2.3.1"

semver@^7.3.4:
  version "7.3.4"
  resolved "https://registry.yarnpkg.com/semver/-/semver-7.3.4.tgz#27aaa7d2e4ca76452f98d3add093a72c943edc97"
  integrity sha512-tCfb2WLjqFAtXn4KEdxIhalnRtoKFN7nAwj0B3ZXCbQloV2tq5eDbcTmT68JJD3nRJq24/XgxtQKFIpQdtvmVw==
  dependencies:
    lru-cache "^6.0.0"

typescript@^4.1.3:
  version "4.1.3"
  resolved "https://registry.yarnpkg.com/typescript/-/typescript-4.1.3.tgz#519d582bd94cba0cf8934c7d8e8467e473f53bb7"
  integrity sha512-B3ZIOf1IKeH2ixgHhj6la6xdwR9QrLC5d1VKeCSY4tvkqhF2eqd9O7txNlS0PO3GrBAFIdr3L1ndNwteUbZLYg==

universalify@^2.0.0:
  version "2.0.0"
  resolved "https://registry.yarnpkg.com/universalify/-/universalify-2.0.0.tgz#75a4984efedc4b08975c5aeb73f530d02df25717"
  integrity sha512-hAZsKq7Yy11Zu1DE0OzWjw7nnLZmJZYTDZZyEFHZdUhV8FkH5MCfoU1XMaxXovpyW5nq5scPqq0ZDP9Zyl04oQ==

yallist@^4.0.0:
  version "4.0.0"
  resolved "https://registry.yarnpkg.com/yallist/-/yallist-4.0.0.tgz#9bb92790d9c0effec63be73519e11a35019a3a72"
  integrity sha512-3wdGidZyq5PB084XLES5TpOSRA3wjXAlIWMhum2kRcv/41Sn2emQ0dycQW4uZXLejwKvg6EsvbdlVL+FYEct7A==
