# THIS IS AN AUTOGENERATED FILE. DO NOT EDIT THIS FILE DIRECTLY.
# yarn lockfile v1


"@aws-cdk/assets@1.108.0":
  version "1.108.0"
  resolved "https://registry.yarnpkg.com/@aws-cdk/assets/-/assets-1.108.0.tgz#160e22fba166697d82920df73504de164f18e0d4"
  integrity sha512-BHX+TC1xJkzHPNzGziPlRoUvVU8rx0Goq5J9orzCRTW94PEuBXJtITA9ItCkbJ6LA1RuhGjh5m9gAAEpPEnZHA==
  dependencies:
    "@aws-cdk/core" "1.108.0"
    "@aws-cdk/cx-api" "1.108.0"
    constructs "^3.3.69"

"@aws-cdk/aws-apigateway@1.108.0":
  version "1.108.0"
  resolved "https://registry.yarnpkg.com/@aws-cdk/aws-apigateway/-/aws-apigateway-1.108.0.tgz#ddaf52a72a305ffd037b724190502cc483cd4e14"
  integrity sha512-1DoM+ArxOJwObK3mbwnaGebXw1ErZannJMuB5dvy6p+/mHl/z2v9e2YBBoRLlDQketsZBJFfrP8KCAYtyMvpPg==
  dependencies:
    "@aws-cdk/aws-certificatemanager" "1.108.0"
    "@aws-cdk/aws-cloudwatch" "1.108.0"
    "@aws-cdk/aws-cognito" "1.108.0"
    "@aws-cdk/aws-ec2" "1.108.0"
    "@aws-cdk/aws-elasticloadbalancingv2" "1.108.0"
    "@aws-cdk/aws-iam" "1.108.0"
    "@aws-cdk/aws-lambda" "1.108.0"
    "@aws-cdk/aws-logs" "1.108.0"
    "@aws-cdk/aws-s3" "1.108.0"
    "@aws-cdk/aws-s3-assets" "1.108.0"
    "@aws-cdk/core" "1.108.0"
    "@aws-cdk/cx-api" "1.108.0"
    constructs "^3.3.69"

"@aws-cdk/aws-applicationautoscaling@1.108.0":
  version "1.108.0"
  resolved "https://registry.yarnpkg.com/@aws-cdk/aws-applicationautoscaling/-/aws-applicationautoscaling-1.108.0.tgz#93d435106542c25df11a737cc0e4d354ed6c605b"
  integrity sha512-baqLDnu70MTuDZVBFwTkbmCHmCd3PMMU46nt8OPWm/Tm9h8kGzQ78/l6QRlPzccOrI2DYrMtMZ++tY6uBO5AZA==
  dependencies:
    "@aws-cdk/aws-autoscaling-common" "1.108.0"
    "@aws-cdk/aws-cloudwatch" "1.108.0"
    "@aws-cdk/aws-iam" "1.108.0"
    "@aws-cdk/core" "1.108.0"
    constructs "^3.3.69"

"@aws-cdk/aws-autoscaling-common@1.108.0":
  version "1.108.0"
  resolved "https://registry.yarnpkg.com/@aws-cdk/aws-autoscaling-common/-/aws-autoscaling-common-1.108.0.tgz#5c66aae63b9b587cdfa7f6751343cdd4a8672293"
  integrity sha512-qNX6o/Tfu0xUxuBJEPjkBR1HjjXDk51x8MoD7km6JVuUvFxVrXpoMpKJQUMV1y7aQrCdgWrJq5EJ14GWI7LY5g==
  dependencies:
    "@aws-cdk/aws-iam" "1.108.0"
    "@aws-cdk/core" "1.108.0"
    constructs "^3.3.69"

"@aws-cdk/aws-certificatemanager@1.108.0":
  version "1.108.0"
  resolved "https://registry.yarnpkg.com/@aws-cdk/aws-certificatemanager/-/aws-certificatemanager-1.108.0.tgz#0bde545d0892e5575463cd845703d3f871180a52"
  integrity sha512-Vy5mw/1PFWjTUB8Z64gid0+NAtfp17EGjRE7t0AM5ZcwviIqyCW/k5pNCiu6JumqRtTm2MjcASCKSOnJShBthA==
  dependencies:
    "@aws-cdk/aws-iam" "1.108.0"
    "@aws-cdk/aws-lambda" "1.108.0"
    "@aws-cdk/aws-route53" "1.108.0"
    "@aws-cdk/core" "1.108.0"
    constructs "^3.3.69"

"@aws-cdk/aws-cloudformation@1.108.0":
  version "1.108.0"
  resolved "https://registry.yarnpkg.com/@aws-cdk/aws-cloudformation/-/aws-cloudformation-1.108.0.tgz#7f953977e882e0964d3d37de6723fc7d43305a2a"
  integrity sha512-26CItKoMMqKqJvP2KqLCDzrMgS6KLN13HhQIKQjuWfT2TVf2ZLOmG3pV+rH+7jkvMgyMHtsNIBv9EseXakwMtw==
  dependencies:
    "@aws-cdk/aws-iam" "1.108.0"
    "@aws-cdk/aws-lambda" "1.108.0"
    "@aws-cdk/aws-s3" "1.108.0"
    "@aws-cdk/aws-sns" "1.108.0"
    "@aws-cdk/core" "1.108.0"
    "@aws-cdk/cx-api" "1.108.0"
    constructs "^3.3.69"

"@aws-cdk/aws-cloudfront-origins@1.108.0":
  version "1.108.0"
  resolved "https://registry.yarnpkg.com/@aws-cdk/aws-cloudfront-origins/-/aws-cloudfront-origins-1.108.0.tgz#4ab2b69ebfe8ec05e25f53dce887ad067a06ce55"
  integrity sha512-ZO8SDhCyGnuFBYrXHSEatB+hJlIevxWWATxdBObHBoz39+IrG2Uj9I3j+pX2Qxr2tcsJxd5XZs/9kwSS9uw4sQ==
  dependencies:
    "@aws-cdk/aws-cloudfront" "1.108.0"
    "@aws-cdk/aws-elasticloadbalancingv2" "1.108.0"
    "@aws-cdk/aws-iam" "1.108.0"
    "@aws-cdk/aws-s3" "1.108.0"
    "@aws-cdk/core" "1.108.0"
    constructs "^3.3.69"

"@aws-cdk/aws-cloudfront@1.108.0":
  version "1.108.0"
  resolved "https://registry.yarnpkg.com/@aws-cdk/aws-cloudfront/-/aws-cloudfront-1.108.0.tgz#3fcd245d40b7b33936f072e5a7ae7f0c62a2e0af"
  integrity sha512-ebaaq4CDs8PPeiXsGDeQVeMfJ/aMPoLumDpnSMB35F3isn584YQN8yJCdgz9GJE1AFCs8u4ROP7aAaSzv33j2g==
  dependencies:
    "@aws-cdk/aws-certificatemanager" "1.108.0"
    "@aws-cdk/aws-cloudwatch" "1.108.0"
    "@aws-cdk/aws-ec2" "1.108.0"
    "@aws-cdk/aws-iam" "1.108.0"
    "@aws-cdk/aws-kms" "1.108.0"
    "@aws-cdk/aws-lambda" "1.108.0"
    "@aws-cdk/aws-s3" "1.108.0"
    "@aws-cdk/aws-ssm" "1.108.0"
    "@aws-cdk/core" "1.108.0"
    constructs "^3.3.69"

"@aws-cdk/aws-cloudwatch@1.108.0":
  version "1.108.0"
  resolved "https://registry.yarnpkg.com/@aws-cdk/aws-cloudwatch/-/aws-cloudwatch-1.108.0.tgz#f0069528e27ff494b1e9afc028376c3aa1cd7e1b"
  integrity sha512-HhbiIVtZr1B4XU2GXKxoqVBzqk1NwUem3y7PBi9Z95TF50xBiU7VSMM4Sw2pVoFXzOmxsI7TkCYWGQlA3FQQfw==
  dependencies:
    "@aws-cdk/aws-iam" "1.108.0"
    "@aws-cdk/core" "1.108.0"
    constructs "^3.3.69"

"@aws-cdk/aws-codeguruprofiler@1.108.0":
  version "1.108.0"
  resolved "https://registry.yarnpkg.com/@aws-cdk/aws-codeguruprofiler/-/aws-codeguruprofiler-1.108.0.tgz#6b426967c54c225d8835efe209fdecf93442b9db"
  integrity sha512-ez8nMwZ9Lbi52MY303WH31RMMtQkqVKh1bBNkGQ/yqVeMD3fXEH5yOm9bo9xoUcuJRYADPwIBkYVR7dUeo5MrA==
  dependencies:
    "@aws-cdk/aws-iam" "1.108.0"
    "@aws-cdk/core" "1.108.0"
    constructs "^3.3.69"

"@aws-cdk/aws-cognito@1.108.0":
  version "1.108.0"
  resolved "https://registry.yarnpkg.com/@aws-cdk/aws-cognito/-/aws-cognito-1.108.0.tgz#a59faddff1c10cc261e0ce2a08d90903412a934a"
  integrity sha512-7K2FJ0sw5Rdz6qZurcc0NeAPMJbzBoN3LObjyoRbk5reNwcQJOhd3vu8o/b/yM9cgCsNkT5c/ST+l6EKzscNBQ==
  dependencies:
    "@aws-cdk/aws-certificatemanager" "1.108.0"
    "@aws-cdk/aws-iam" "1.108.0"
    "@aws-cdk/aws-lambda" "1.108.0"
    "@aws-cdk/core" "1.108.0"
    "@aws-cdk/custom-resources" "1.108.0"
    constructs "^3.3.69"
    punycode "^2.1.1"

"@aws-cdk/aws-ec2@1.108.0":
  version "1.108.0"
  resolved "https://registry.yarnpkg.com/@aws-cdk/aws-ec2/-/aws-ec2-1.108.0.tgz#42b0fc24dfe802a2cf8fdaa2fb7afe25c2f939af"
  integrity sha512-UpULKcl1WCyMNCAC0zisV5u1aEPXq7+bsobsDXfZKDsrjXAwxABDFu+VTnAiTfxXNmv1IOlsYchPwpz3iPXqDQ==
  dependencies:
    "@aws-cdk/aws-cloudwatch" "1.108.0"
    "@aws-cdk/aws-iam" "1.108.0"
    "@aws-cdk/aws-kms" "1.108.0"
    "@aws-cdk/aws-logs" "1.108.0"
    "@aws-cdk/aws-s3" "1.108.0"
    "@aws-cdk/aws-s3-assets" "1.108.0"
    "@aws-cdk/aws-ssm" "1.108.0"
    "@aws-cdk/cloud-assembly-schema" "1.108.0"
    "@aws-cdk/core" "1.108.0"
    "@aws-cdk/cx-api" "1.108.0"
    "@aws-cdk/region-info" "1.108.0"
    constructs "^3.3.69"

"@aws-cdk/aws-ecr-assets@1.108.0":
  version "1.108.0"
  resolved "https://registry.yarnpkg.com/@aws-cdk/aws-ecr-assets/-/aws-ecr-assets-1.108.0.tgz#69a2c9365c44308b1080d2cb72c47f0567c816aa"
  integrity sha512-SID6s8eD/RivVsjCzpRQGfTsj4SIg0ici7WcUx2bQ5a+LhhY0Cvy8M5M2d2cayPDToGVxbt/+kQCouEE/97whg==
  dependencies:
    "@aws-cdk/assets" "1.108.0"
    "@aws-cdk/aws-ecr" "1.108.0"
    "@aws-cdk/aws-iam" "1.108.0"
    "@aws-cdk/aws-s3" "1.108.0"
    "@aws-cdk/core" "1.108.0"
    "@aws-cdk/cx-api" "1.108.0"
    constructs "^3.3.69"
    minimatch "^3.0.4"

"@aws-cdk/aws-ecr@1.108.0":
  version "1.108.0"
  resolved "https://registry.yarnpkg.com/@aws-cdk/aws-ecr/-/aws-ecr-1.108.0.tgz#2477c33e1fff1b3af23368a1a96f65e3ec6044e2"
  integrity sha512-tKjiZ3n06wFLpYzGWMequF972X2Tv1Vk0kMmBFazup5dd/wP8+tbV9I9tfy2DakFJD/gouYs6fuYlRftTEdZTA==
  dependencies:
    "@aws-cdk/aws-events" "1.108.0"
    "@aws-cdk/aws-iam" "1.108.0"
    "@aws-cdk/core" "1.108.0"
    constructs "^3.3.69"

"@aws-cdk/aws-efs@1.108.0":
  version "1.108.0"
  resolved "https://registry.yarnpkg.com/@aws-cdk/aws-efs/-/aws-efs-1.108.0.tgz#2e7cc5b774f81de9ee6b6c9fc2d2b9cb018d4950"
  integrity sha512-TFgK0Hcc2eIOqyX57qYRTLAg7Nd3qfQK3iNkRCIYv0qV3wEeiEJNRiPsMaLmxbnSmb4dPYe8eCFaQGRbhU6BWA==
  dependencies:
    "@aws-cdk/aws-ec2" "1.108.0"
    "@aws-cdk/aws-kms" "1.108.0"
    "@aws-cdk/cloud-assembly-schema" "1.108.0"
    "@aws-cdk/core" "1.108.0"
    "@aws-cdk/cx-api" "1.108.0"
    constructs "^3.3.69"

"@aws-cdk/aws-elasticloadbalancing@1.108.0":
  version "1.108.0"
  resolved "https://registry.yarnpkg.com/@aws-cdk/aws-elasticloadbalancing/-/aws-elasticloadbalancing-1.108.0.tgz#5ccf9c19a0ca0159af169205550e3b68492719f0"
  integrity sha512-4mivy4pwekeMbbnGOGOZo/YHKMl7AKlCj+IYpohK1XVfw4zl+nVh+drkcRY/LlocXP000+kfiiA2/L4INce9hg==
  dependencies:
    "@aws-cdk/aws-ec2" "1.108.0"
    "@aws-cdk/core" "1.108.0"
    constructs "^3.3.69"

"@aws-cdk/aws-elasticloadbalancingv2@1.108.0":
  version "1.108.0"
  resolved "https://registry.yarnpkg.com/@aws-cdk/aws-elasticloadbalancingv2/-/aws-elasticloadbalancingv2-1.108.0.tgz#be4c4915facc6f078635f3fcb0c26c7e3483e9d0"
  integrity sha512-0wn9TkMLFUGuEJgNhPOYoR3lxQ8s4VsSj6cVKI0eKL96qEKLzDUcOnsJh8vsCzK70ZoN95dDWD2W4TiJEIemUg==
  dependencies:
    "@aws-cdk/aws-certificatemanager" "1.108.0"
    "@aws-cdk/aws-cloudwatch" "1.108.0"
    "@aws-cdk/aws-ec2" "1.108.0"
    "@aws-cdk/aws-iam" "1.108.0"
    "@aws-cdk/aws-lambda" "1.108.0"
    "@aws-cdk/aws-s3" "1.108.0"
    "@aws-cdk/cloud-assembly-schema" "1.108.0"
    "@aws-cdk/core" "1.108.0"
    "@aws-cdk/cx-api" "1.108.0"
    "@aws-cdk/region-info" "1.108.0"
    constructs "^3.3.69"

"@aws-cdk/aws-events@1.108.0":
  version "1.108.0"
  resolved "https://registry.yarnpkg.com/@aws-cdk/aws-events/-/aws-events-1.108.0.tgz#00142b3d20c000920e4a49800a6d053c2439fc13"
  integrity sha512-qLBLCK7558FItzeTIonJ86ojmzc1hwsqStcELABcNqweMe+FYN4RzcUM0oMl2MjbpLR+aaWX9okTPUlfS+CCYw==
  dependencies:
    "@aws-cdk/aws-iam" "1.108.0"
    "@aws-cdk/core" "1.108.0"
    constructs "^3.3.69"

"@aws-cdk/aws-globalaccelerator@1.108.0":
  version "1.108.0"
  resolved "https://registry.yarnpkg.com/@aws-cdk/aws-globalaccelerator/-/aws-globalaccelerator-1.108.0.tgz#1fd867b6305395874c44ecd8494493269b5b3037"
  integrity sha512-5/GyzRK81Wfrg3ZdvthfSg8P1l9gXWlQBwkZyejeziuxmwyVvSl3KeBOZaEOz+lJEz4I/xdTAT/YOmKaMpyEyw==
  dependencies:
    "@aws-cdk/aws-ec2" "1.108.0"
    "@aws-cdk/core" "1.108.0"
    "@aws-cdk/custom-resources" "1.108.0"
    constructs "^3.3.69"

"@aws-cdk/aws-iam@1.108.0":
  version "1.108.0"
  resolved "https://registry.yarnpkg.com/@aws-cdk/aws-iam/-/aws-iam-1.108.0.tgz#15227c0f2ba6247e103dd3cdfc2d02b023c7f537"
  integrity sha512-M9sr9Rhla1tg75fI2RppSPtspsB2ELiGLgf/JXlMkgUJD7gF3AnXssxjiXTCxXz6Ow9i29vPYbLnK3OF042zeg==
  dependencies:
    "@aws-cdk/core" "1.108.0"
    "@aws-cdk/region-info" "1.108.0"
    constructs "^3.3.69"

"@aws-cdk/aws-kms@1.108.0":
  version "1.108.0"
  resolved "https://registry.yarnpkg.com/@aws-cdk/aws-kms/-/aws-kms-1.108.0.tgz#ca5a09878ba96f5107e56a345aead3851e0b6f44"
  integrity sha512-S4SOUts66Qso+9wju4m6HS4tAeozd4hl1BmzDK96s/pqJG8FSe4Y5udxwYTHU7e0HsSB3eY/PIuwvw1u0M9fuQ==
  dependencies:
    "@aws-cdk/aws-iam" "1.108.0"
    "@aws-cdk/core" "1.108.0"
    "@aws-cdk/cx-api" "1.108.0"
    constructs "^3.3.69"

"@aws-cdk/aws-lambda-nodejs@1.108.0":
  version "1.108.0"
  resolved "https://registry.yarnpkg.com/@aws-cdk/aws-lambda-nodejs/-/aws-lambda-nodejs-1.108.0.tgz#2476daa023b4059a6aef9d87acb69b579ecaf7dc"
  integrity sha512-Zp6/iLZfCnxIJnSOB1I34SqyoFZF4ibrcLQf91h/pIZJYZlhKCtFaxX4mZRrvATG5qIy+FK9ZpZBKLqNswRfbA==
  dependencies:
    "@aws-cdk/aws-lambda" "1.108.0"
    "@aws-cdk/core" "1.108.0"
    constructs "^3.3.69"

"@aws-cdk/aws-lambda@1.108.0":
  version "1.108.0"
  resolved "https://registry.yarnpkg.com/@aws-cdk/aws-lambda/-/aws-lambda-1.108.0.tgz#d07a128db81c58ea0256b3b414aab332cbdd4527"
  integrity sha512-NE24Rud/gANcJszLYI6xlFQCHpv3v8izmrCycFapFHRgOd8b+DtaptZey8qZrWpkJVj+hDokJbCajjR8u+xuXQ==
  dependencies:
    "@aws-cdk/aws-applicationautoscaling" "1.108.0"
    "@aws-cdk/aws-cloudwatch" "1.108.0"
    "@aws-cdk/aws-codeguruprofiler" "1.108.0"
    "@aws-cdk/aws-ec2" "1.108.0"
    "@aws-cdk/aws-ecr" "1.108.0"
    "@aws-cdk/aws-ecr-assets" "1.108.0"
    "@aws-cdk/aws-efs" "1.108.0"
    "@aws-cdk/aws-events" "1.108.0"
    "@aws-cdk/aws-iam" "1.108.0"
    "@aws-cdk/aws-kms" "1.108.0"
    "@aws-cdk/aws-logs" "1.108.0"
    "@aws-cdk/aws-s3" "1.108.0"
    "@aws-cdk/aws-s3-assets" "1.108.0"
    "@aws-cdk/aws-signer" "1.108.0"
    "@aws-cdk/aws-sqs" "1.108.0"
    "@aws-cdk/core" "1.108.0"
    "@aws-cdk/cx-api" "1.108.0"
    constructs "^3.3.69"

"@aws-cdk/aws-logs@1.108.0":
  version "1.108.0"
  resolved "https://registry.yarnpkg.com/@aws-cdk/aws-logs/-/aws-logs-1.108.0.tgz#a3fa57157bf0cba5421344a76d81943f1b0e7eae"
  integrity sha512-25Lnsr4ea8M2t9OxfyS+9Upo2MCAe9SWnozJ7NpBF7sZQ8JdKnXC96gLpFExfQ3FQlWY/Olg1G47G6SRQhwPUw==
  dependencies:
    "@aws-cdk/aws-cloudwatch" "1.108.0"
    "@aws-cdk/aws-iam" "1.108.0"
    "@aws-cdk/aws-kms" "1.108.0"
    "@aws-cdk/aws-s3-assets" "1.108.0"
    "@aws-cdk/core" "1.108.0"
    constructs "^3.3.69"

"@aws-cdk/aws-route53-targets@1.108.0":
  version "1.108.0"
  resolved "https://registry.yarnpkg.com/@aws-cdk/aws-route53-targets/-/aws-route53-targets-1.108.0.tgz#1d82448adfa6fc209a36cbe7881e3085a6967e65"
  integrity sha512-Y5zq3w+KJk5eorJWuiJrBrbyN1zMPRMy8MdqNA+bJwNKifRVrxBTFiNzSh5AC1iT6G6fyjCry8Rnzz9gYvLuvA==
  dependencies:
    "@aws-cdk/aws-apigateway" "1.108.0"
    "@aws-cdk/aws-cloudfront" "1.108.0"
    "@aws-cdk/aws-cognito" "1.108.0"
    "@aws-cdk/aws-ec2" "1.108.0"
    "@aws-cdk/aws-elasticloadbalancing" "1.108.0"
    "@aws-cdk/aws-elasticloadbalancingv2" "1.108.0"
    "@aws-cdk/aws-globalaccelerator" "1.108.0"
    "@aws-cdk/aws-iam" "1.108.0"
    "@aws-cdk/aws-route53" "1.108.0"
    "@aws-cdk/aws-s3" "1.108.0"
    "@aws-cdk/core" "1.108.0"
    "@aws-cdk/region-info" "1.108.0"
    constructs "^3.3.69"

"@aws-cdk/aws-route53@1.108.0":
  version "1.108.0"
  resolved "https://registry.yarnpkg.com/@aws-cdk/aws-route53/-/aws-route53-1.108.0.tgz#cd2982fe133cf740c0a35647fd7d40e83ab30a25"
  integrity sha512-TKrZa79Rt/k7iHb+0QoSuoqdvxGSgOSnPK/0/cTGqrNRUjpgWdSTwq5zwLrB61bCLw7huD4bJtJ6Uoa3auGv4Q==
  dependencies:
    "@aws-cdk/aws-ec2" "1.108.0"
    "@aws-cdk/aws-iam" "1.108.0"
    "@aws-cdk/aws-logs" "1.108.0"
    "@aws-cdk/cloud-assembly-schema" "1.108.0"
    "@aws-cdk/core" "1.108.0"
    "@aws-cdk/custom-resources" "1.108.0"
    constructs "^3.3.69"

"@aws-cdk/aws-s3-assets@1.108.0":
  version "1.108.0"
  resolved "https://registry.yarnpkg.com/@aws-cdk/aws-s3-assets/-/aws-s3-assets-1.108.0.tgz#151643842c96ff2f91fe73d4713df7e98ecd021e"
  integrity sha512-xHNQeIcC3sl3PoCO6mfKVuNHoNMSzf1DUR4G2k9CZX74cA+OqH9F+bK9mQwubjezxZDUcvy/F/+7T+G4/K9bxQ==
  dependencies:
    "@aws-cdk/assets" "1.108.0"
    "@aws-cdk/aws-iam" "1.108.0"
    "@aws-cdk/aws-kms" "1.108.0"
    "@aws-cdk/aws-s3" "1.108.0"
    "@aws-cdk/core" "1.108.0"
    "@aws-cdk/cx-api" "1.108.0"
    constructs "^3.3.69"

"@aws-cdk/aws-s3-deployment@1.108.0":
  version "1.108.0"
  resolved "https://registry.yarnpkg.com/@aws-cdk/aws-s3-deployment/-/aws-s3-deployment-1.108.0.tgz#2233c485a85bf562d174157519bd7ca9a024522d"
  integrity sha512-R6bIxZ3DIt9x2Eh00TpzPlkF84lIHwlDsgc4ecutAdGM2zNz0je1thQvvpdH0xLm3h9xNOkQiuYygDLAzV6rYw==
  dependencies:
    "@aws-cdk/aws-cloudfront" "1.108.0"
    "@aws-cdk/aws-ec2" "1.108.0"
    "@aws-cdk/aws-iam" "1.108.0"
    "@aws-cdk/aws-lambda" "1.108.0"
    "@aws-cdk/aws-s3" "1.108.0"
    "@aws-cdk/aws-s3-assets" "1.108.0"
    "@aws-cdk/core" "1.108.0"
    "@aws-cdk/lambda-layer-awscli" "1.108.0"
    constructs "^3.3.69"

"@aws-cdk/aws-s3@1.108.0":
  version "1.108.0"
  resolved "https://registry.yarnpkg.com/@aws-cdk/aws-s3/-/aws-s3-1.108.0.tgz#9e4bb386fd09c76b7c4b428dc80eb977e75a52ff"
  integrity sha512-Pi7vlhSFrFfg4DMxxiW93ZkLS7232RatV7bmViPQPfqlSlYBxjwlrQL46o9T9CcNihXW93GzbTSgz5Hm7liwIg==
  dependencies:
    "@aws-cdk/aws-events" "1.108.0"
    "@aws-cdk/aws-iam" "1.108.0"
    "@aws-cdk/aws-kms" "1.108.0"
    "@aws-cdk/core" "1.108.0"
    "@aws-cdk/cx-api" "1.108.0"
    constructs "^3.3.69"

"@aws-cdk/aws-signer@1.108.0":
  version "1.108.0"
  resolved "https://registry.yarnpkg.com/@aws-cdk/aws-signer/-/aws-signer-1.108.0.tgz#fbd54229ab5126025e50d8b6708c0fb6345fac63"
  integrity sha512-pxBc+zR72fbLFJnrjuxa4Io1kuvr5B7SVKGpW5KykxVi1sxJ+JsPw7LNNRw2DNV0Rsc+ngj55iiAw+v3l/eP/g==
  dependencies:
    "@aws-cdk/core" "1.108.0"
    constructs "^3.3.69"

"@aws-cdk/aws-sns@1.108.0":
  version "1.108.0"
  resolved "https://registry.yarnpkg.com/@aws-cdk/aws-sns/-/aws-sns-1.108.0.tgz#2a98fe8893e013a9466550777b819eabcaddb15f"
  integrity sha512-NNVqMCGyn50mGVP/Mib+RqQIZvt9w8occLUM+6bb+kkYfL7TDkWScujx3Ol0nTa6ocLTdbvdqg9uGs1mtXYQrw==
  dependencies:
    "@aws-cdk/aws-cloudwatch" "1.108.0"
    "@aws-cdk/aws-events" "1.108.0"
    "@aws-cdk/aws-iam" "1.108.0"
    "@aws-cdk/aws-kms" "1.108.0"
    "@aws-cdk/aws-sqs" "1.108.0"
    "@aws-cdk/core" "1.108.0"
    constructs "^3.3.69"

"@aws-cdk/aws-sqs@1.108.0":
  version "1.108.0"
  resolved "https://registry.yarnpkg.com/@aws-cdk/aws-sqs/-/aws-sqs-1.108.0.tgz#4fbe33abe8535bd3ee4062b5952d9d379655b68c"
  integrity sha512-jCZwbc4fqhg2c5ZCLnTVbYjCNMoaShp9yQaXvQOLWwoh7RTfc8zoN8fxuUPFe/5UIQaRSxk2YH1NZkcjQMC7Wg==
  dependencies:
    "@aws-cdk/aws-cloudwatch" "1.108.0"
    "@aws-cdk/aws-iam" "1.108.0"
    "@aws-cdk/aws-kms" "1.108.0"
    "@aws-cdk/core" "1.108.0"
    constructs "^3.3.69"

"@aws-cdk/aws-ssm@1.108.0":
  version "1.108.0"
  resolved "https://registry.yarnpkg.com/@aws-cdk/aws-ssm/-/aws-ssm-1.108.0.tgz#346b9a549149d09cc1c4a476f2c7a210a77cbc00"
  integrity sha512-Kjz3VYVJm4X6p4+ofG2qGMW0yRanycs7n+ejyBA666/i35kCQMXz0YKKD+dN/EFwVxf2iyw31v/vyYAmGxZN/A==
  dependencies:
    "@aws-cdk/aws-iam" "1.108.0"
    "@aws-cdk/aws-kms" "1.108.0"
    "@aws-cdk/cloud-assembly-schema" "1.108.0"
    "@aws-cdk/core" "1.108.0"
    constructs "^3.3.69"

"@aws-cdk/cloud-assembly-schema@1.108.0":
  version "1.108.0"
  resolved "https://registry.yarnpkg.com/@aws-cdk/cloud-assembly-schema/-/cloud-assembly-schema-1.108.0.tgz#07f5d21a45f87706aadf4af2807d4a9585175863"
  integrity sha512-sMuusNtkolmPk2WgeImToPsMs91yBMocvhURjSSwgxPpSh8pHzRl4VJqfi/jTDqfoSH56QmD8oj5ImEp1tsfrg==
  dependencies:
    jsonschema "^1.4.0"
    semver "^7.3.5"

"@aws-cdk/core@1.108.0":
  version "1.108.0"
  resolved "https://registry.yarnpkg.com/@aws-cdk/core/-/core-1.108.0.tgz#5349572bf1da6627d79a6dbc3ec85d0fbf073a58"
  integrity sha512-PQHFfm/0QE85Mw9jMmpN/hMMUHywceJddInVZbCUBySh1E57k5bHaY0v7Dv92ehoHXk+wShbaXinzwcQz8ROfQ==
  dependencies:
    "@aws-cdk/cloud-assembly-schema" "1.108.0"
    "@aws-cdk/cx-api" "1.108.0"
    "@aws-cdk/region-info" "1.108.0"
    "@balena/dockerignore" "^1.0.2"
    constructs "^3.3.69"
    fs-extra "^9.1.0"
    ignore "^5.1.8"
    minimatch "^3.0.4"

"@aws-cdk/custom-resources@1.108.0":
  version "1.108.0"
  resolved "https://registry.yarnpkg.com/@aws-cdk/custom-resources/-/custom-resources-1.108.0.tgz#db1ed35e714589d1eeedd45f66fb42c8e927780d"
  integrity sha512-MN+d4/aAoWR8uHXy9dhp67s/zpKftHJfa+lz0czUysHOuqWNrRqPf/uttK82w2jyAbROyWCNaW6XpY4yZaOxDg==
  dependencies:
    "@aws-cdk/aws-cloudformation" "1.108.0"
    "@aws-cdk/aws-ec2" "1.108.0"
    "@aws-cdk/aws-iam" "1.108.0"
    "@aws-cdk/aws-lambda" "1.108.0"
    "@aws-cdk/aws-logs" "1.108.0"
    "@aws-cdk/aws-sns" "1.108.0"
    "@aws-cdk/core" "1.108.0"
    constructs "^3.3.69"

"@aws-cdk/cx-api@1.108.0":
  version "1.108.0"
  resolved "https://registry.yarnpkg.com/@aws-cdk/cx-api/-/cx-api-1.108.0.tgz#443d91366b56ba1db3080b6b85b60325ffc02ef6"
  integrity sha512-sjlvgJdjor5nI1ddL2GKMwXiL4a+ZcBFK+n84wJY69bKajT7ZZohn9QXvF+5JSMHUEXgqhz6rTYpwCKPQCr6VQ==
  dependencies:
    "@aws-cdk/cloud-assembly-schema" "1.108.0"
    semver "^7.3.5"

"@aws-cdk/lambda-layer-awscli@1.108.0":
  version "1.108.0"
  resolved "https://registry.yarnpkg.com/@aws-cdk/lambda-layer-awscli/-/lambda-layer-awscli-1.108.0.tgz#89db2541ff408b2480ffe3f88f00b6aee46305fa"
  integrity sha512-OEZSbOrodPPI+/UWjMUb8xTAXGrJC25S87FCbLXwox8HxJ3q9CPazB7poyUQemKFQWt1ynVyZ43apAvj8oSCiA==
  dependencies:
    "@aws-cdk/aws-lambda" "1.108.0"
    "@aws-cdk/core" "1.108.0"
    constructs "^3.3.69"

"@aws-cdk/region-info@1.108.0":
  version "1.108.0"
  resolved "https://registry.yarnpkg.com/@aws-cdk/region-info/-/region-info-1.108.0.tgz#2a1cac521d208329bdbbb581e0a5e0c37fd0e271"
  integrity sha512-5KOf75ch0ilKeI60kcI2OdD2tRDf6QcnzUntz4mlcRSpSRPT1mnYN2ud8AJsesiUMX/Uixufj6iRIkgOe6pg9g==

"@balena/dockerignore@^1.0.2":
  version "1.0.2"
  resolved "https://registry.yarnpkg.com/@balena/dockerignore/-/dockerignore-1.0.2.tgz#9ffe4726915251e8eb69f44ef3547e0da2c03e0d"
  integrity sha512-wMue2Sy4GAVTk6Ic4tJVcnfdau+gx2EnG7S+uAEe+TWJFqE4YoWN4/H8MSLj4eYJKxGg26lZwboEniNiNwZQ6Q==

"@rollup/plugin-typescript@^8.1.1":
  version "8.1.1"
  resolved "https://registry.yarnpkg.com/@rollup/plugin-typescript/-/plugin-typescript-8.1.1.tgz#cadd6c381a92cc7e8148cc8b1eeba146020635d0"
  integrity sha512-DPFy0SV8/GgHFL31yPFVo0G1T3yzwdw6R9KisBfO2zCYbDHUqDChSWr1KmtpGz/TmutpoGJjIvu80p9HzCEF0A==
  dependencies:
    "@rollup/pluginutils" "^3.1.0"
    resolve "^1.17.0"

"@rollup/pluginutils@^3.1.0":
  version "3.1.0"
  resolved "https://registry.yarnpkg.com/@rollup/pluginutils/-/pluginutils-3.1.0.tgz#706b4524ee6dc8b103b3c995533e5ad680c02b9b"
  integrity sha512-GksZ6pr6TpIjHm8h9lSQ8pi8BE9VeubNT0OMJ3B5uZJ8pz73NPiqOtCog/x2/QzM1ENChPKxMDhiQuRHsqc+lg==
  dependencies:
    "@types/estree" "0.0.39"
    estree-walker "^1.0.1"
    picomatch "^2.2.2"

"@tsconfig/node10@^1.0.7":
  version "1.0.7"
  resolved "https://registry.yarnpkg.com/@tsconfig/node10/-/node10-1.0.7.tgz#1eb1de36c73478a2479cc661ef5af1c16d86d606"
  integrity sha512-aBvUmXLQbayM4w3A8TrjwrXs4DZ8iduJnuJLLRGdkWlyakCf1q6uHZJBzXoRA/huAEknG5tcUyQxN3A+In5euQ==

"@types/estree@0.0.39":
  version "0.0.39"
  resolved "https://registry.yarnpkg.com/@types/estree/-/estree-0.0.39.tgz#e177e699ee1b8c22d23174caaa7422644389509f"
  integrity sha512-EYNwp3bU+98cpU4lAWYYL7Zz+2gryWH1qbdDTidVd6hkiR6weksdbMadyXKXNPEkQFhXM+hVO9ZygomHXp+AIw==

at-least-node@^1.0.0:
  version "1.0.0"
  resolved "https://registry.yarnpkg.com/at-least-node/-/at-least-node-1.0.0.tgz#602cd4b46e844ad4effc92a8011a3c46e0238dc2"
  integrity sha512-+q/t7Ekv1EDY2l6Gda6LLiX14rU9TV20Wa3ofeQmwPFZbOMo9DXrLbOjFaaclkXKWidIaopwAObQDqwWtGUjqg==

balanced-match@^1.0.0:
  version "1.0.0"
  resolved "https://registry.yarnpkg.com/balanced-match/-/balanced-match-1.0.0.tgz#89b4d199ab2bee49de164ea02b89ce462d71b767"
  integrity sha1-ibTRmasr7kneFk6gK4nORi1xt2c=

brace-expansion@^1.1.7:
  version "1.1.11"
  resolved "https://registry.yarnpkg.com/brace-expansion/-/brace-expansion-1.1.11.tgz#3c7fcbf529d87226f3d2f52b966ff5271eb441dd"
  integrity sha512-iCuPHDFgrHX7H2vEI/5xpz07zSHB00TpugqhmYtVmMO6518mCuRMoOYFldEBl0g187ufozdaHgWKcYFb61qGiA==
  dependencies:
    balanced-match "^1.0.0"
    concat-map "0.0.1"

concat-map@0.0.1:
  version "0.0.1"
  resolved "https://registry.yarnpkg.com/concat-map/-/concat-map-0.0.1.tgz#d8a96bd77fd68df7793a73036a3ba0d5405d477b"
  integrity sha1-2Klr13/Wjfd5OnMDajug1UBdR3s=

constructs@^3.3.69:
  version "3.3.77"
  resolved "https://registry.yarnpkg.com/constructs/-/constructs-3.3.77.tgz#7c2d8eb9758a9a0c1e7f194410a19a1f6e474008"
  integrity sha512-A9xWepIkiED0baaEWxokUvRnPrxcAwoCsyIPDAJ3VqQ90juiIHQ0gkW9GX0nG6c+Go5l1dL5FZIFZBeayx+xIg==

estree-walker@^1.0.1:
  version "1.0.1"
  resolved "https://registry.yarnpkg.com/estree-walker/-/estree-walker-1.0.1.tgz#31bc5d612c96b704106b477e6dd5d8aa138cb700"
  integrity sha512-1fMXF3YP4pZZVozF8j/ZLfvnR8NSIljt56UhbZ5PeeDmmGHpgpdwQt7ITlGvYaQukCvuBRMLEiKiYC+oeIg4cg==

fs-extra@^9.1.0:
  version "9.1.0"
  resolved "https://registry.yarnpkg.com/fs-extra/-/fs-extra-9.1.0.tgz#5954460c764a8da2094ba3554bf839e6b9a7c86d"
  integrity sha512-hcg3ZmepS30/7BSFqRvoo3DOMQu7IjqxO5nCDt+zM9XWjb33Wg7ziNT+Qvqbuc3+gWpzO02JubVyk2G4Zvo1OQ==
  dependencies:
    at-least-node "^1.0.0"
    graceful-fs "^4.2.0"
    jsonfile "^6.0.1"
    universalify "^2.0.0"

fsevents@~2.3.1:
  version "2.3.2"
  resolved "https://registry.yarnpkg.com/fsevents/-/fsevents-2.3.2.tgz#8a526f78b8fdf4623b709e0b975c52c24c02fd1a"
  integrity sha512-xiqMQR4xAeHTuB9uWm+fFRcIOgKBMiOBP+eXiyT7jsgVCq1bkVygt00oASowB7EdtpOHaaPgKt812P9ab+DDKA==

function-bind@^1.1.1:
  version "1.1.1"
  resolved "https://registry.yarnpkg.com/function-bind/-/function-bind-1.1.1.tgz#a56899d3ea3c9bab874bb9773b7c5ede92f4895d"
  integrity sha512-yIovAzMX49sF8Yl58fSCWJ5svSLuaibPxXQJFLmBObTuCr0Mf1KiPopGM9NiFjiYBCbfaa2Fh6breQ6ANVTI0A==

graceful-fs@^4.1.6, graceful-fs@^4.2.0:
  version "4.2.4"
  resolved "https://registry.yarnpkg.com/graceful-fs/-/graceful-fs-4.2.4.tgz#2256bde14d3632958c465ebc96dc467ca07a29fb"
  integrity sha512-WjKPNJF79dtJAVniUlGGWHYGz2jWxT6VhN/4m1NdkbZ2nOsEF+cI1Edgql5zCRhs/VsQYRvrXctxktVXZUkixw==

has@^1.0.3:
  version "1.0.3"
  resolved "https://registry.yarnpkg.com/has/-/has-1.0.3.tgz#722d7cbfc1f6aa8241f16dd814e011e1f41e8796"
  integrity sha512-f2dvO0VU6Oej7RkWJGrehjbzMAjFp5/VKPp5tTpWIV4JHHZK1/BxbFRtf/siA2SWTe09caDmVtYYzWEIbBS4zw==
  dependencies:
    function-bind "^1.1.1"

ignore@^5.1.8:
  version "5.1.8"
  resolved "https://registry.yarnpkg.com/ignore/-/ignore-5.1.8.tgz#f150a8b50a34289b33e22f5889abd4d8016f0e57"
  integrity sha512-BMpfD7PpiETpBl/A6S498BaIJ6Y/ABT93ETbby2fP00v4EbvPBXWEoaR1UBPKs3iR53pJY7EtZk5KACI57i1Uw==

is-core-module@^2.1.0:
  version "2.2.0"
  resolved "https://registry.yarnpkg.com/is-core-module/-/is-core-module-2.2.0.tgz#97037ef3d52224d85163f5597b2b63d9afed981a"
  integrity sha512-XRAfAdyyY5F5cOXn7hYQDqh2Xmii+DEfIcQGxK/uNwMHhIkPWO0g8msXcbzLe+MpGoR951MlqM/2iIlU4vKDdQ==
  dependencies:
    has "^1.0.3"

jsonfile@^6.0.1:
  version "6.1.0"
  resolved "https://registry.yarnpkg.com/jsonfile/-/jsonfile-6.1.0.tgz#bc55b2634793c679ec6403094eb13698a6ec0aae"
  integrity sha512-5dgndWOriYSm5cnYaJNhalLNDKOqFwyDB/rr1E9ZsGciGvKPs8R2xYGCacuf3z6K1YKDz182fd+fY3cn3pMqXQ==
  dependencies:
    universalify "^2.0.0"
  optionalDependencies:
    graceful-fs "^4.1.6"

jsonschema@^1.4.0:
  version "1.4.0"
  resolved "https://registry.yarnpkg.com/jsonschema/-/jsonschema-1.4.0.tgz#1afa34c4bc22190d8e42271ec17ac8b3404f87b2"
  integrity sha512-/YgW6pRMr6M7C+4o8kS+B/2myEpHCrxO4PEWnqJNBFMjn7EWXqlQ4tGwL6xTHeRplwuZmcAncdvfOad1nT2yMw==

lru-cache@^6.0.0:
  version "6.0.0"
  resolved "https://registry.yarnpkg.com/lru-cache/-/lru-cache-6.0.0.tgz#6d6fe6570ebd96aaf90fcad1dafa3b2566db3a94"
  integrity sha512-Jo6dJ04CmSjuznwJSS3pUeWmd/H0ffTlkXXgwZi+eq1UCmqQwCh+eLsYOYCwY991i2Fah4h1BEMCx4qThGbsiA==
  dependencies:
    yallist "^4.0.0"

minimatch@^3.0.4:
  version "3.0.4"
  resolved "https://registry.yarnpkg.com/minimatch/-/minimatch-3.0.4.tgz#5166e286457f03306064be5497e8dbb0c3d32083"
  integrity sha512-yJHVQEhyqPLUTgt9B83PXu6W3rx4MvvHvSUvToogpwoGDOUQ+yDrR0HRot+yOCdCO7u4hX3pWft6kWBBcqh0UA==
  dependencies:
    brace-expansion "^1.1.7"

path-parse@^1.0.6:
  version "1.0.6"
  resolved "https://registry.yarnpkg.com/path-parse/-/path-parse-1.0.6.tgz#d62dbb5679405d72c4737ec58600e9ddcf06d24c"
  integrity sha512-GSmOT2EbHrINBf9SR7CDELwlJ8AENk3Qn7OikK4nFYAu3Ote2+JYNVvkpAEQm3/TLNEJFD/xZJjzyxg3KBWOzw==

picomatch@^2.2.2:
  version "2.2.2"
  resolved "https://registry.yarnpkg.com/picomatch/-/picomatch-2.2.2.tgz#21f333e9b6b8eaff02468f5146ea406d345f4dad"
  integrity sha512-q0M/9eZHzmr0AulXyPwNfZjtwZ/RBZlbN3K3CErVrk50T2ASYI7Bye0EvekFY3IP1Nt2DHu0re+V2ZHIpMkuWg==

punycode@^2.1.1:
  version "2.1.1"
  resolved "https://registry.yarnpkg.com/punycode/-/punycode-2.1.1.tgz#b58b010ac40c22c5657616c8d2c2c02c7bf479ec"
  integrity sha512-XRsRjdf+j5ml+y/6GKHPZbrF/8p2Yga0JPtdqTIY2Xe5ohJPD9saDJJLPvp9+NSBprVvevdXZybnj2cv8OEd0A==

resolve@^1.17.0:
  version "1.19.0"
  resolved "https://registry.yarnpkg.com/resolve/-/resolve-1.19.0.tgz#1af5bf630409734a067cae29318aac7fa29a267c"
  integrity sha512-rArEXAgsBG4UgRGcynxWIWKFvh/XZCcS8UJdHhwy91zwAvCZIbcs+vAbflgBnNjYMs/i/i+/Ux6IZhML1yPvxg==
  dependencies:
    is-core-module "^2.1.0"
    path-parse "^1.0.6"

rollup@^2.38.5:
  version "2.38.5"
  resolved "https://registry.yarnpkg.com/rollup/-/rollup-2.38.5.tgz#be41ad4fe0c103a8794377afceb5f22b8f603d6a"
  integrity sha512-VoWt8DysFGDVRGWuHTqZzT02J0ASgjVq/hPs9QcBOGMd7B+jfTr/iqMVEyOi901rE3xq+Deq66GzIT1yt7sGwQ==
  optionalDependencies:
    fsevents "~2.3.1"

semver@^7.3.5:
  version "7.3.5"
  resolved "https://registry.yarnpkg.com/semver/-/semver-7.3.5.tgz#0b621c879348d8998e4b0e4be94b3f12e6018ef7"
  integrity sha512-PoeGJYh8HK4BTO/a9Tf6ZG3veo/A7ZVsYrSA6J8ny9nb3B1VrpkuN+z9OE5wfE5p6H4LchYZsegiQgbJD94ZFQ==
  dependencies:
    lru-cache "^6.0.0"

typescript@^4.1.3:
  version "4.1.3"
  resolved "https://registry.yarnpkg.com/typescript/-/typescript-4.1.3.tgz#519d582bd94cba0cf8934c7d8e8467e473f53bb7"
  integrity sha512-B3ZIOf1IKeH2ixgHhj6la6xdwR9QrLC5d1VKeCSY4tvkqhF2eqd9O7txNlS0PO3GrBAFIdr3L1ndNwteUbZLYg==

universalify@^2.0.0:
  version "2.0.0"
  resolved "https://registry.yarnpkg.com/universalify/-/universalify-2.0.0.tgz#75a4984efedc4b08975c5aeb73f530d02df25717"
  integrity sha512-hAZsKq7Yy11Zu1DE0OzWjw7nnLZmJZYTDZZyEFHZdUhV8FkH5MCfoU1XMaxXovpyW5nq5scPqq0ZDP9Zyl04oQ==

yallist@^4.0.0:
  version "4.0.0"
  resolved "https://registry.yarnpkg.com/yallist/-/yallist-4.0.0.tgz#9bb92790d9c0effec63be73519e11a35019a3a72"
  integrity sha512-3wdGidZyq5PB084XLES5TpOSRA3wjXAlIWMhum2kRcv/41Sn2emQ0dycQW4uZXLejwKvg6EsvbdlVL+FYEct7A==
