{
  "name": "example",
  "version": "1.0.0",
  "lockfileVersion": 1,
  "requires": true,
  "dependencies": {
    "@types/aws-lambda": {
      "version": "8.10.71",
      "resolved": "https://registry.npmjs.org/@types/aws-lambda/-/aws-lambda-8.10.71.tgz",
      "integrity": "sha512-l0Lag6qq06AlKllprAJ3pbgVUbXCjRGRb7VpHow8IMn2BMHTPR0t5OD97/w8CR1+wA5XZuWQoXLjYvdlk2kQrQ==",
      "dev": true
    },
    "typescript": {
      "version": "4.1.4",
      "resolved": "https://registry.npmjs.org/typescript/-/typescript-4.1.4.tgz",
      "integrity": "sha512-+Uru0t8qIRgjuCpiSPpfGuhHecMllk5Zsazj5LZvVsEStEjmIRRBZe+jHjGQvsgS7M1wONy2PQXd67EMyV6acg==",
      "dev": true
    }
  }
}
