# THIS IS AN AUTOGENERATED FILE. DO NOT EDIT THIS FILE DIRECTLY.
# yarn lockfile v1


"@types/aws-lambda@^8.10.71":
  version "8.10.72"
  resolved "https://registry.yarnpkg.com/@types/aws-lambda/-/aws-lambda-8.10.72.tgz#af2a6eeaf39be9674e3856f1870d9d15cf75e2e0"
  integrity sha512-jOrTwAhSiUtBIN/QsWNKlI4+4aDtpZ0sr2BRvKW6XQZdspgHUSHPcuzxbzCRiHUiDQ+0026u5TSE38VyIhNnfA==

esbuild@^0.8.56:
  version "0.8.56"
  resolved "https://registry.yarnpkg.com/esbuild/-/esbuild-0.8.56.tgz#9c7c3d6e614db7367afa348adb0ab287c296735e"
  integrity sha512-PTMdAWK3JI2MNW811znGssGP5GR44tQPr++VQ1rPP0n8Z1cTKbCPD3S/kXPLr3ZZDIwAaVm08fuFym6Rp8l/0A==

typescript@^4.1.4:
  version "4.2.3"
  resolved "https://registry.yarnpkg.com/typescript/-/typescript-4.2.3.tgz#39062d8019912d43726298f09493d598048c1ce3"
  integrity sha512-qOcYwxaByStAWrBf4x0fibwZvMRG+r4cQoTjbPtUlrWjBHbmCAww1i448U0GJ+3cNNEtebDteo/cHOR3xJ4wEw==
