{
  "name": "example",
  "version": "1.0.0",
  "lockfileVersion": 2,
  "requires": true,
  "packages": {
    "": {
      "name": "example",
      "version": "1.0.0",
      "license": "ISC",
      "devDependencies": {
        "@types/aws-lambda": "^8.10.71",
        "esbuild": "^0.8.56",
        "typescript": "^4.1.4"
      }
    },
    "node_modules/@types/aws-lambda": {
      "version": "8.10.71",
      "resolved": "https://registry.npmjs.org/@types/aws-lambda/-/aws-lambda-8.10.71.tgz",
      "integrity": "sha512-l0Lag6qq06AlKllprAJ3pbgVUbXCjRGRb7VpHow8IMn2BMHTPR0t5OD97/w8CR1+wA5XZuWQoXLjYvdlk2kQrQ==",
      "dev": true
    },
    "node_modules/esbuild": {
      "version": "0.8.56",
      "resolved": "https://registry.npmjs.org/esbuild/-/esbuild-0.8.56.tgz",
      "integrity": "sha512-PTMdAWK3JI2MNW811znGssGP5GR44tQPr++VQ1rPP0n8Z1cTKbCPD3S/kXPLr3ZZDIwAaVm08fuFym6Rp8l/0A==",
      "dev": true,
      "hasInstallScript": true,
      "bin": {
        "esbuild": "bin/esbuild"
      }
    },
    "node_modules/typescript": {
      "version": "4.1.4",
      "resolved": "https://registry.npmjs.org/typescript/-/typescript-4.1.4.tgz",
      "integrity": "sha512-+Uru0t8qIRgjuCpiSPpfGuhHecMllk5Zsazj5LZvVsEStEjmIRRBZe+jHjGQvsgS7M1wONy2PQXd67EMyV6acg==",
      "dev": true,
      "bin": {
        "tsc": "bin/tsc",
        "tsserver": "bin/tsserver"
      },
      "engines": {
        "node": ">=4.2.0"
      }
    }
  },
  "dependencies": {
    "@types/aws-lambda": {
      "version": "8.10.71",
      "resolved": "https://registry.npmjs.org/@types/aws-lambda/-/aws-lambda-8.10.71.tgz",
      "integrity": "sha512-l0Lag6qq06AlKllprAJ3pbgVUbXCjRGRb7VpHow8IMn2BMHTPR0t5OD97/w8CR1+wA5XZuWQoXLjYvdlk2kQrQ==",
      "dev": true
    },
    "esbuild": {
      "version": "0.8.56",
      "resolved": "https://registry.npmjs.org/esbuild/-/esbuild-0.8.56.tgz",
      "integrity": "sha512-PTMdAWK3JI2MNW811znGssGP5GR44tQPr++VQ1rPP0n8Z1cTKbCPD3S/kXPLr3ZZDIwAaVm08fuFym6Rp8l/0A==",
      "dev": true
    },
    "typescript": {
      "version": "4.1.4",
      "resolved": "https://registry.npmjs.org/typescript/-/typescript-4.1.4.tgz",
      "integrity": "sha512-+Uru0t8qIRgjuCpiSPpfGuhHecMllk5Zsazj5LZvVsEStEjmIRRBZe+jHjGQvsgS7M1wONy2PQXd67EMyV6acg==",
      "dev": true
    }
  }
}
